// !$*UTF8*$!
{
	archiveVersion = 1;
	classes = {
	};
	objectVersion = 77;
	objects = {

/* Begin PBXBuildFile section */
		0844F79FBCDC31083722DC07 /* PlayerView.swift in Sources */ = {isa = PBXBuildFile; fileRef = F793BF28CF63B6D50E101247 /* PlayerView.swift */; };
		08A1BD12FC47C34AD0B7EAB2 /* PlayerBridge.swift in Sources */ = {isa = PBXBuildFile; fileRef = 19D4B941118178244122189A /* PlayerBridge.swift */; };
		215218F97C48B6B0B6B5B0FD /* TrackInfo.swift in Sources */ = {isa = PBXBuildFile; fileRef = A1E84597FDD2AED7B577CBD7 /* TrackInfo.swift */; };
		2E922B88EEA385E8405ABC8A /* LibraryView.swift in Sources */ = {isa = PBXBuildFile; fileRef = 2959BC28D55EDB4E02F90CCA /* LibraryView.swift */; };
		2EBDA5CD7499D2E726552E88 /* DebugOverlayView.swift in Sources */ = {isa = PBXBuildFile; fileRef = FC06E3F8ACDABB7AF49F7863 /* DebugOverlayView.swift */; };
		34BBAD4B07EDDC4C1C2BC368 /* metal_shaders.metal in Sources */ = {isa = PBXBuildFile; fileRef = CCBDB17BEB259661A261AFC0 /* metal_shaders.metal */; };
		46548EDB89048B4128800E50 /* ThumbnailManager.swift in Sources */ = {isa = PBXBuildFile; fileRef = 89283E3C6E24C57A2C9B63E4 /* ThumbnailManager.swift */; };
		67DAA9277B86D6836DCB899C /* MediaItemView.swift in Sources */ = {isa = PBXBuildFile; fileRef = 60F626B76FBF5D265A3DACA0 /* MediaItemView.swift */; };
		7D7E1CECB3F17495DB5CB383 /* PYLog.swift in Sources */ = {isa = PBXBuildFile; fileRef = EBCE734B22E27E48EA38CB20 /* PYLog.swift */; };
		7FFA630CE049B775AB7C6980 /* LibraryViewModel.swift in Sources */ = {isa = PBXBuildFile; fileRef = F520418D5A5877AC7C8BAAC5 /* LibraryViewModel.swift */; };
		83545C0D32833ACFE12379B3 /* AppSettings.swift in Sources */ = {isa = PBXBuildFile; fileRef = 91DB9D0E9DBE07DE22489D88 /* AppSettings.swift */; };
		8948589A135281D4060501FD /* TrackSelectionView.swift in Sources */ = {isa = PBXBuildFile; fileRef = D888DC06954A914994F0D3EC /* TrackSelectionView.swift */; };
		97AB0DCAC3648FFDA6E2BE75 /* PlayerControlsView.swift in Sources */ = {isa = PBXBuildFile; fileRef = 971EC8EFBE85780DCE86168B /* PlayerControlsView.swift */; };
		98376E3F36BA233ED58845C6 /* PlaiYApp.swift in Sources */ = {isa = PBXBuildFile; fileRef = 07ECE5CCFFC41640E2CF544F /* PlaiYApp.swift */; };
		AF1113C432323357C7924DAB /* ResumeStore.swift in Sources */ = {isa = PBXBuildFile; fileRef = 175B51B7CAC6CB7A43502C27 /* ResumeStore.swift */; };
		C4FD58DB467D65B3843D9A7F /* MetalViewCoordinator.swift in Sources */ = {isa = PBXBuildFile; fileRef = 20FDE7B7B258E9A330A36754 /* MetalViewCoordinator.swift */; };
		C5BFB243D1153CBA63F184AD /* SettingsView.swift in Sources */ = {isa = PBXBuildFile; fileRef = CBEA4FDA4B2389AF3126AB39 /* SettingsView.swift */; };
		D2972D3B58C33762E722AE92 /* SubtitleOverlayView.swift in Sources */ = {isa = PBXBuildFile; fileRef = 5F509227A3C23A5754D3548D /* SubtitleOverlayView.swift */; };
		DBEA2565D31000974373894D /* MetalPlayerView.swift in Sources */ = {isa = PBXBuildFile; fileRef = BDB547B3DA8B8642C4AF4AF3 /* MetalPlayerView.swift */; };
		DC86BCC432EE393089FC265E /* PlayerViewModel.swift in Sources */ = {isa = PBXBuildFile; fileRef = 3607CF6035239073AEE20781 /* PlayerViewModel.swift */; };
		F01A043AA28464DA5BAA4723 /* ContentView.swift in Sources */ = {isa = PBXBuildFile; fileRef = 2E13F471AA3B2426876CCB66 /* ContentView.swift */; };
		F29C5021A7BA1EBF91C32B92 /* NowPlayingManager.swift in Sources */ = {isa = PBXBuildFile; fileRef = 8B333B492F5300A36DA03FF6 /* NowPlayingManager.swift */; };
/* End PBXBuildFile section */

/* Begin PBXFileReference section */
		07ECE5CCFFC41640E2CF544F /* PlaiYApp.swift */ = {isa = PBXFileReference; lastKnownFileType = sourcecode.swift; path = PlaiYApp.swift; sourceTree = "<group>"; };
		12D362E93F1F7BFB374D7C8A /* Info.plist */ = {isa = PBXFileReference; lastKnownFileType = text.plist; path = Info.plist; sourceTree = "<group>"; };
		175B51B7CAC6CB7A43502C27 /* ResumeStore.swift */ = {isa = PBXFileReference; lastKnownFileType = sourcecode.swift; path = ResumeStore.swift; sourceTree = "<group>"; };
		19D4B941118178244122189A /* PlayerBridge.swift */ = {isa = PBXFileReference; lastKnownFileType = sourcecode.swift; path = PlayerBridge.swift; sourceTree = "<group>"; };
		20FDE7B7B258E9A330A36754 /* MetalViewCoordinator.swift */ = {isa = PBXFileReference; lastKnownFileType = sourcecode.swift; path = MetalViewCoordinator.swift; sourceTree = "<group>"; };
		2959BC28D55EDB4E02F90CCA /* LibraryView.swift */ = {isa = PBXFileReference; lastKnownFileType = sourcecode.swift; path = LibraryView.swift; sourceTree = "<group>"; };
		2E13F471AA3B2426876CCB66 /* ContentView.swift */ = {isa = PBXFileReference; lastKnownFileType = sourcecode.swift; path = ContentView.swift; sourceTree = "<group>"; };
		3607CF6035239073AEE20781 /* PlayerViewModel.swift */ = {isa = PBXFileReference; lastKnownFileType = sourcecode.swift; path = PlayerViewModel.swift; sourceTree = "<group>"; };
		5F509227A3C23A5754D3548D /* SubtitleOverlayView.swift */ = {isa = PBXFileReference; lastKnownFileType = sourcecode.swift; path = SubtitleOverlayView.swift; sourceTree = "<group>"; };
		60F626B76FBF5D265A3DACA0 /* MediaItemView.swift */ = {isa = PBXFileReference; lastKnownFileType = sourcecode.swift; path = MediaItemView.swift; sourceTree = "<group>"; };
		89283E3C6E24C57A2C9B63E4 /* ThumbnailManager.swift */ = {isa = PBXFileReference; lastKnownFileType = sourcecode.swift; path = ThumbnailManager.swift; sourceTree = "<group>"; };
		8B333B492F5300A36DA03FF6 /* NowPlayingManager.swift */ = {isa = PBXFileReference; lastKnownFileType = sourcecode.swift; path = NowPlayingManager.swift; sourceTree = "<group>"; };
		91DB9D0E9DBE07DE22489D88 /* AppSettings.swift */ = {isa = PBXFileReference; lastKnownFileType = sourcecode.swift; path = AppSettings.swift; sourceTree = "<group>"; };
		971EC8EFBE85780DCE86168B /* PlayerControlsView.swift */ = {isa = PBXFileReference; lastKnownFileType = sourcecode.swift; path = PlayerControlsView.swift; sourceTree = "<group>"; };
		A1E84597FDD2AED7B577CBD7 /* TrackInfo.swift */ = {isa = PBXFileReference; lastKnownFileType = sourcecode.swift; path = TrackInfo.swift; sourceTree = "<group>"; };
		BDB547B3DA8B8642C4AF4AF3 /* MetalPlayerView.swift */ = {isa = PBXFileReference; lastKnownFileType = sourcecode.swift; path = MetalPlayerView.swift; sourceTree = "<group>"; };
		CBEA4FDA4B2389AF3126AB39 /* SettingsView.swift */ = {isa = PBXFileReference; lastKnownFileType = sourcecode.swift; path = SettingsView.swift; sourceTree = "<group>"; };
		CCBDB17BEB259661A261AFC0 /* metal_shaders.metal */ = {isa = PBXFileReference; lastKnownFileType = sourcecode.metal; path = metal_shaders.metal; sourceTree = "<group>"; };
		D888DC06954A914994F0D3EC /* TrackSelectionView.swift */ = {isa = PBXFileReference; lastKnownFileType = sourcecode.swift; path = TrackSelectionView.swift; sourceTree = "<group>"; };
		E70C6C424D83AFFE819F2081 /* PlaiY.app */ = {isa = PBXFileReference; explicitFileType = wrapper.application; includeInIndex = 0; path = PlaiY.app; sourceTree = BUILT_PRODUCTS_DIR; };
		EBCE734B22E27E48EA38CB20 /* PYLog.swift */ = {isa = PBXFileReference; lastKnownFileType = sourcecode.swift; path = PYLog.swift; sourceTree = "<group>"; };
		F520418D5A5877AC7C8BAAC5 /* LibraryViewModel.swift */ = {isa = PBXFileReference; lastKnownFileType = sourcecode.swift; path = LibraryViewModel.swift; sourceTree = "<group>"; };
		F793BF28CF63B6D50E101247 /* PlayerView.swift */ = {isa = PBXFileReference; lastKnownFileType = sourcecode.swift; path = PlayerView.swift; sourceTree = "<group>"; };
		FC06E3F8ACDABB7AF49F7863 /* DebugOverlayView.swift */ = {isa = PBXFileReference; lastKnownFileType = sourcecode.swift; path = DebugOverlayView.swift; sourceTree = "<group>"; };
/* End PBXFileReference section */

/* Begin PBXGroup section */
		00D0426CAA8CA1C0D2915B36 /* Shared */ = {
			isa = PBXGroup;
			children = (
				91DB9D0E9DBE07DE22489D88 /* AppSettings.swift */,
				F520418D5A5877AC7C8BAAC5 /* LibraryViewModel.swift */,
				8B333B492F5300A36DA03FF6 /* NowPlayingManager.swift */,
				07ECE5CCFFC41640E2CF544F /* PlaiYApp.swift */,
				19D4B941118178244122189A /* PlayerBridge.swift */,
				3607CF6035239073AEE20781 /* PlayerViewModel.swift */,
				EBCE734B22E27E48EA38CB20 /* PYLog.swift */,
				175B51B7CAC6CB7A43502C27 /* ResumeStore.swift */,
				89283E3C6E24C57A2C9B63E4 /* ThumbnailManager.swift */,
				A1E84597FDD2AED7B577CBD7 /* TrackInfo.swift */,
				39C2695F72D1983380708E99 /* Metal */,
				2A62C07F0B88288C0B50475D /* Views */,
			);
			path = Shared;
			sourceTree = "<group>";
		};
		0F2713753C634882BCDB2376 /* Products */ = {
			isa = PBXGroup;
			children = (
				E70C6C424D83AFFE819F2081 /* PlaiY.app */,
			);
			name = Products;
			sourceTree = "<group>";
		};
		2A62C07F0B88288C0B50475D /* Views */ = {
			isa = PBXGroup;
			children = (
				2E13F471AA3B2426876CCB66 /* ContentView.swift */,
				FC06E3F8ACDABB7AF49F7863 /* DebugOverlayView.swift */,
				2959BC28D55EDB4E02F90CCA /* LibraryView.swift */,
				60F626B76FBF5D265A3DACA0 /* MediaItemView.swift */,
				BDB547B3DA8B8642C4AF4AF3 /* MetalPlayerView.swift */,
				971EC8EFBE85780DCE86168B /* PlayerControlsView.swift */,
				F793BF28CF63B6D50E101247 /* PlayerView.swift */,
				CBEA4FDA4B2389AF3126AB39 /* SettingsView.swift */,
				5F509227A3C23A5754D3548D /* SubtitleOverlayView.swift */,
				D888DC06954A914994F0D3EC /* TrackSelectionView.swift */,
			);
			path = Views;
			sourceTree = "<group>";
		};
		2EE389503B740443F5DB79B3 /* apple */ = {
			isa = PBXGroup;
			children = (
				CCBDB17BEB259661A261AFC0 /* metal_shaders.metal */,
			);
			name = apple;
			path = ../core/platform/apple;
			sourceTree = "<group>";
		};
		39C2695F72D1983380708E99 /* Metal */ = {
			isa = PBXGroup;
			children = (
				20FDE7B7B258E9A330A36754 /* MetalViewCoordinator.swift */,
			);
			path = Metal;
			sourceTree = "<group>";
		};
		92E3C42B6B105BF9AD48A0D4 /* macOS */ = {
			isa = PBXGroup;
			children = (
				12D362E93F1F7BFB374D7C8A /* Info.plist */,
			);
			path = macOS;
			sourceTree = "<group>";
		};
		C8D1E1C292BC4759D95D85F2 = {
			isa = PBXGroup;
			children = (
				2EE389503B740443F5DB79B3 /* apple */,
				92E3C42B6B105BF9AD48A0D4 /* macOS */,
				00D0426CAA8CA1C0D2915B36 /* Shared */,
				0F2713753C634882BCDB2376 /* Products */,
			);
			sourceTree = "<group>";
		};
/* End PBXGroup section */

/* Begin PBXNativeTarget section */
		12E70D21735AFAA18A380B49 /* PlaiY */ = {
			isa = PBXNativeTarget;
			buildConfigurationList = 794555F2C7B7BA22FDA2220F /* Build configuration list for PBXNativeTarget "PlaiY" */;
			buildPhases = (
				2A6EB93FFCA7610DBA1A42CE /* Sources */,
			);
			buildRules = (
			);
			dependencies = (
			);
			name = PlaiY;
			packageProductDependencies = (
			);
			productName = PlaiY;
			productReference = E70C6C424D83AFFE819F2081 /* PlaiY.app */;
			productType = "com.apple.product-type.application";
		};
/* End PBXNativeTarget section */

/* Begin PBXProject section */
		891FD5599C5EC3FA791A5B10 /* Project object */ = {
			isa = PBXProject;
			attributes = {
				BuildIndependentTargetsInParallel = YES;
				LastUpgradeCheck = 1600;
				TargetAttributes = {
				};
			};
			buildConfigurationList = 6359FB4A0363479A6F553601 /* Build configuration list for PBXProject "PlaiY" */;
			developmentRegion = en;
			hasScannedForEncodings = 0;
			knownRegions = (
				Base,
				en,
			);
			mainGroup = C8D1E1C292BC4759D95D85F2;
			minimizedProjectReferenceProxies = 1;
			preferredProjectObjectVersion = 77;
			productRefGroup = 0F2713753C634882BCDB2376 /* Products */;
			projectDirPath = "";
			projectRoot = "";
			targets = (
				12E70D21735AFAA18A380B49 /* PlaiY */,
			);
		};
/* End PBXProject section */

/* Begin PBXSourcesBuildPhase section */
		2A6EB93FFCA7610DBA1A42CE /* Sources */ = {
			isa = PBXSourcesBuildPhase;
			buildActionMask = 2147483647;
			files = (
				83545C0D32833ACFE12379B3 /* AppSettings.swift in Sources */,
				F01A043AA28464DA5BAA4723 /* ContentView.swift in Sources */,
				2EBDA5CD7499D2E726552E88 /* DebugOverlayView.swift in Sources */,
				2E922B88EEA385E8405ABC8A /* LibraryView.swift in Sources */,
				7FFA630CE049B775AB7C6980 /* LibraryViewModel.swift in Sources */,
				67DAA9277B86D6836DCB899C /* MediaItemView.swift in Sources */,
				DBEA2565D31000974373894D /* MetalPlayerView.swift in Sources */,
				C4FD58DB467D65B3843D9A7F /* MetalViewCoordinator.swift in Sources */,
				F29C5021A7BA1EBF91C32B92 /* NowPlayingManager.swift in Sources */,
				7D7E1CECB3F17495DB5CB383 /* PYLog.swift in Sources */,
				98376E3F36BA233ED58845C6 /* PlaiYApp.swift in Sources */,
				08A1BD12FC47C34AD0B7EAB2 /* PlayerBridge.swift in Sources */,
				97AB0DCAC3648FFDA6E2BE75 /* PlayerControlsView.swift in Sources */,
				0844F79FBCDC31083722DC07 /* PlayerView.swift in Sources */,
				DC86BCC432EE393089FC265E /* PlayerViewModel.swift in Sources */,
				AF1113C432323357C7924DAB /* ResumeStore.swift in Sources */,
				C5BFB243D1153CBA63F184AD /* SettingsView.swift in Sources */,
				D2972D3B58C33762E722AE92 /* SubtitleOverlayView.swift in Sources */,
				46548EDB89048B4128800E50 /* ThumbnailManager.swift in Sources */,
				215218F97C48B6B0B6B5B0FD /* TrackInfo.swift in Sources */,
				8948589A135281D4060501FD /* TrackSelectionView.swift in Sources */,
				34BBAD4B07EDDC4C1C2BC368 /* metal_shaders.metal in Sources */,
			);
			runOnlyForDeploymentPostprocessing = 0;
		};
/* End PBXSourcesBuildPhase section */

/* Begin XCBuildConfiguration section */
		044A2F4235C9DD37CF52BF2D /* Release */ = {
			isa = XCBuildConfiguration;
			buildSettings = {
				ASSETCATALOG_COMPILER_APPICON_NAME = AppIcon;
				CODE_SIGN_IDENTITY = "-";
				COMBINE_HIDPI_IMAGES = YES;
				ENABLE_HARDENED_RUNTIME = NO;
				HEADER_SEARCH_PATHS = (
					"$(PROJECT_DIR)/../core/include",
					/opt/homebrew/include,
				);
				INFOPLIST_FILE = macOS/Info.plist;
				LD_RUNPATH_SEARCH_PATHS = (
					"$(inherited)",
					"@executable_path/../Frameworks",
				);
				LIBRARY_SEARCH_PATHS = (
					"$(PROJECT_DIR)/../build/apple-debug/core",
					"$(PROJECT_DIR)/../build/apple-release/core",
					/opt/homebrew/lib,
				);
				OTHER_LDFLAGS = (
					"-lc++",
					"-lplaiy_core",
					"-lavformat",
					"-lavcodec",
					"-lavutil",
					"-lswresample",
					"-lswscale",
					"-lavfilter",
					"-lass",
					"-lfreetype",
					"-lharfbuzz",
					"-lfribidi",
					"-lfontconfig",
					"-lz",
					"-lbz2",
					"-liconv",
					"-llzma",
					"-lxml2",
					"-framework VideoToolbox",
					"-framework CoreMedia",
					"-framework CoreVideo",
					"-framework CoreFoundation",
					"-framework CoreAudio",
					"-framework AudioToolbox",
					"-framework Metal",
					"-framework MetalKit",
					"-framework QuartzCore",
					"-framework IOSurface",
					"-framework MediaPlayer",
					"-framework Security",
					"-framework AVFoundation",
					"-framework CoreMotion",
				);
				PRODUCT_BUNDLE_IDENTIFIER = com.plaiy.app;
				PRODUCT_NAME = PlaiY;
				SDKROOT = macosx;
				SWIFT_OBJC_BRIDGING_HEADER = BridgingHeader.h;
			};
			name = Release;
		};
		2A43B6905B9A1337F10AFA64 /* Release */ = {
			isa = XCBuildConfiguration;
			buildSettings = {
				ALWAYS_SEARCH_USER_PATHS = NO;
				CLANG_ANALYZER_NONNULL = YES;
				CLANG_ANALYZER_NUMBER_OBJECT_CONVERSION = YES_AGGRESSIVE;
				CLANG_CXX_LANGUAGE_STANDARD = "gnu++14";
				CLANG_CXX_LIBRARY = "libc++";
				CLANG_ENABLE_MODULES = YES;
				CLANG_ENABLE_OBJC_ARC = YES;
				CLANG_ENABLE_OBJC_WEAK = YES;
				CLANG_WARN_BLOCK_CAPTURE_AUTORELEASING = YES;
				CLANG_WARN_BOOL_CONVERSION = YES;
				CLANG_WARN_COMMA = YES;
				CLANG_WARN_CONSTANT_CONVERSION = YES;
				CLANG_WARN_DEPRECATED_OBJC_IMPLEMENTATIONS = YES;
				CLANG_WARN_DIRECT_OBJC_ISA_USAGE = YES_ERROR;
				CLANG_WARN_DOCUMENTATION_COMMENTS = YES;
				CLANG_WARN_EMPTY_BODY = YES;
				CLANG_WARN_ENUM_CONVERSION = YES;
				CLANG_WARN_INFINITE_RECURSION = YES;
				CLANG_WARN_INT_CONVERSION = YES;
				CLANG_WARN_NON_LITERAL_NULL_CONVERSION = YES;
				CLANG_WARN_OBJC_IMPLICIT_RETAIN_SELF = YES;
				CLANG_WARN_OBJC_LITERAL_CONVERSION = YES;
				CLANG_WARN_OBJC_ROOT_CLASS = YES_ERROR;
				CLANG_WARN_QUOTED_INCLUDE_IN_FRAMEWORK_HEADER = YES;
				CLANG_WARN_RANGE_LOOP_ANALYSIS = YES;
				CLANG_WARN_STRICT_PROTOTYPES = YES;
				CLANG_WARN_SUSPICIOUS_MOVE = YES;
				CLANG_WARN_UNGUARDED_AVAILABILITY = YES_AGGRESSIVE;
				CLANG_WARN_UNREACHABLE_CODE = YES;
				CLANG_WARN__DUPLICATE_METHOD_MATCH = YES;
				COPY_PHASE_STRIP = NO;
				DEBUG_INFORMATION_FORMAT = "dwarf-with-dsym";
				ENABLE_NS_ASSERTIONS = NO;
				ENABLE_STRICT_OBJC_MSGSEND = YES;
				GCC_C_LANGUAGE_STANDARD = gnu11;
				GCC_NO_COMMON_BLOCKS = YES;
				GCC_WARN_64_TO_32_BIT_CONVERSION = YES;
				GCC_WARN_ABOUT_RETURN_TYPE = YES_ERROR;
				GCC_WARN_UNDECLARED_SELECTOR = YES;
				GCC_WARN_UNINITIALIZED_AUTOS = YES_AGGRESSIVE;
				GCC_WARN_UNUSED_FUNCTION = YES;
				GCC_WARN_UNUSED_VARIABLE = YES;
				MACOSX_DEPLOYMENT_TARGET = 14.0;
				MTL_ENABLE_DEBUG_INFO = NO;
				MTL_FAST_MATH = YES;
				PRODUCT_NAME = "$(TARGET_NAME)";
				SDKROOT = macosx;
				SWIFT_COMPILATION_MODE = wholemodule;
				SWIFT_OPTIMIZATION_LEVEL = "-O";
				SWIFT_VERSION = 5.9;
			};
			name = Release;
		};
		40434B7A9E3E76E7DFABBA2C /* Debug */ = {
			isa = XCBuildConfiguration;
			buildSettings = {
				ALWAYS_SEARCH_USER_PATHS = NO;
				CLANG_ANALYZER_NONNULL = YES;
				CLANG_ANALYZER_NUMBER_OBJECT_CONVERSION = YES_AGGRESSIVE;
				CLANG_CXX_LANGUAGE_STANDARD = "gnu++14";
				CLANG_CXX_LIBRARY = "libc++";
				CLANG_ENABLE_MODULES = YES;
				CLANG_ENABLE_OBJC_ARC = YES;
				CLANG_ENABLE_OBJC_WEAK = YES;
				CLANG_WARN_BLOCK_CAPTURE_AUTORELEASING = YES;
				CLANG_WARN_BOOL_CONVERSION = YES;
				CLANG_WARN_COMMA = YES;
				CLANG_WARN_CONSTANT_CONVERSION = YES;
				CLANG_WARN_DEPRECATED_OBJC_IMPLEMENTATIONS = YES;
				CLANG_WARN_DIRECT_OBJC_ISA_USAGE = YES_ERROR;
				CLANG_WARN_DOCUMENTATION_COMMENTS = YES;
				CLANG_WARN_EMPTY_BODY = YES;
				CLANG_WARN_ENUM_CONVERSION = YES;
				CLANG_WARN_INFINITE_RECURSION = YES;
				CLANG_WARN_INT_CONVERSION = YES;
				CLANG_WARN_NON_LITERAL_NULL_CONVERSION = YES;
				CLANG_WARN_OBJC_IMPLICIT_RETAIN_SELF = YES;
				CLANG_WARN_OBJC_LITERAL_CONVERSION = YES;
				CLANG_WARN_OBJC_ROOT_CLASS = YES_ERROR;
				CLANG_WARN_QUOTED_INCLUDE_IN_FRAMEWORK_HEADER = YES;
				CLANG_WARN_RANGE_LOOP_ANALYSIS = YES;
				CLANG_WARN_STRICT_PROTOTYPES = YES;
				CLANG_WARN_SUSPICIOUS_MOVE = YES;
				CLANG_WARN_UNGUARDED_AVAILABILITY = YES_AGGRESSIVE;
				CLANG_WARN_UNREACHABLE_CODE = YES;
				CLANG_WARN__DUPLICATE_METHOD_MATCH = YES;
				COPY_PHASE_STRIP = NO;
				DEBUG_INFORMATION_FORMAT = dwarf;
				ENABLE_STRICT_OBJC_MSGSEND = YES;
				ENABLE_TESTABILITY = YES;
				GCC_C_LANGUAGE_STANDARD = gnu11;
				GCC_DYNAMIC_NO_PIC = NO;
				GCC_NO_COMMON_BLOCKS = YES;
				GCC_OPTIMIZATION_LEVEL = 0;
				GCC_PREPROCESSOR_DEFINITIONS = (
					"$(inherited)",
					"DEBUG=1",
				);
				GCC_WARN_64_TO_32_BIT_CONVERSION = YES;
				GCC_WARN_ABOUT_RETURN_TYPE = YES_ERROR;
				GCC_WARN_UNDECLARED_SELECTOR = YES;
				GCC_WARN_UNINITIALIZED_AUTOS = YES_AGGRESSIVE;
				GCC_WARN_UNUSED_FUNCTION = YES;
				GCC_WARN_UNUSED_VARIABLE = YES;
				MACOSX_DEPLOYMENT_TARGET = 14.0;
				MTL_ENABLE_DEBUG_INFO = INCLUDE_SOURCE;
				MTL_FAST_MATH = YES;
				ONLY_ACTIVE_ARCH = YES;
				PRODUCT_NAME = "$(TARGET_NAME)";
				SDKROOT = macosx;
				SWIFT_ACTIVE_COMPILATION_CONDITIONS = DEBUG;
				SWIFT_OPTIMIZATION_LEVEL = "-Onone";
				SWIFT_VERSION = 5.9;
			};
			name = Debug;
		};
		5623AA90B192EC6BE9E8C916 /* Debug */ = {
			isa = XCBuildConfiguration;
			buildSettings = {
				ASSETCATALOG_COMPILER_APPICON_NAME = AppIcon;
				CODE_SIGN_IDENTITY = "-";
				COMBINE_HIDPI_IMAGES = YES;
				ENABLE_HARDENED_RUNTIME = NO;
				HEADER_SEARCH_PATHS = (
					"$(PROJECT_DIR)/../core/include",
					/opt/homebrew/include,
				);
				INFOPLIST_FILE = macOS/Info.plist;
				LD_RUNPATH_SEARCH_PATHS = (
					"$(inherited)",
					"@executable_path/../Frameworks",
				);
				LIBRARY_SEARCH_PATHS = (
					"$(PROJECT_DIR)/../build/apple-debug/core",
					"$(PROJECT_DIR)/../build/apple-release/core",
					/opt/homebrew/lib,
				);
				OTHER_LDFLAGS = (
					"-lc++",
					"-lplaiy_core",
					"-lavformat",
					"-lavcodec",
					"-lavutil",
					"-lswresample",
					"-lswscale",
					"-lavfilter",
					"-lass",
					"-lfreetype",
					"-lharfbuzz",
					"-lfribidi",
					"-lfontconfig",
					"-lz",
					"-lbz2",
					"-liconv",
					"-llzma",
					"-lxml2",
					"-framework VideoToolbox",
					"-framework CoreMedia",
					"-framework CoreVideo",
					"-framework CoreFoundation",
					"-framework CoreAudio",
					"-framework AudioToolbox",
					"-framework Metal",
					"-framework MetalKit",
					"-framework QuartzCore",
					"-framework IOSurface",
					"-framework MediaPlayer",
					"-framework Security",
					"-framework AVFoundation",
					"-framework CoreMotion",
				);
				PRODUCT_BUNDLE_IDENTIFIER = com.plaiy.app;
				PRODUCT_NAME = PlaiY;
				SDKROOT = macosx;
				SWIFT_OBJC_BRIDGING_HEADER = BridgingHeader.h;
			};
			name = Debug;
		};
/* End XCBuildConfiguration section */

/* Begin XCConfigurationList section */
		6359FB4A0363479A6F553601 /* Build configuration list for PBXProject "PlaiY" */ = {
			isa = XCConfigurationList;
			buildConfigurations = (
				40434B7A9E3E76E7DFABBA2C /* Debug */,
				2A43B6905B9A1337F10AFA64 /* Release */,
			);
			defaultConfigurationIsVisible = 0;
			defaultConfigurationName = Debug;
		};
		794555F2C7B7BA22FDA2220F /* Build configuration list for PBXNativeTarget "PlaiY" */ = {
			isa = XCConfigurationList;
			buildConfigurations = (
				5623AA90B192EC6BE9E8C916 /* Debug */,
				044A2F4235C9DD37CF52BF2D /* Release */,
			);
			defaultConfigurationIsVisible = 0;
			defaultConfigurationName = Debug;
		};
/* End XCConfigurationList section */
	};
	rootObject = 891FD5599C5EC3FA791A5B10 /* Project object */;
}
