// !$*UTF8*$!
{
	archiveVersion = 1;
	classes = {
	};
	objectVersion = 77;
	objects = {

/* Begin PBXBuildFile section */
		05AB52EB438A9FA2D11A8BD5 /* PlexBufferSettings.swift in Sources */ = {isa = PBXBuildFile; fileRef = D7DF35F69D1D92E3D54783F9 /* PlexBufferSettings.swift */; };
		0844F79FBCDC31083722DC07 /* PlayerView.swift in Sources */ = {isa = PBXBuildFile; fileRef = F793BF28CF63B6D50E101247 /* PlayerView.swift */; };
		08738D349252B6BF3B9BCCAB /* TrackInfo.swift in Sources */ = {isa = PBXBuildFile; fileRef = A1E84597FDD2AED7B577CBD7 /* TrackInfo.swift */; };
		08A1BD12FC47C34AD0B7EAB2 /* PlayerBridge.swift in Sources */ = {isa = PBXBuildFile; fileRef = 19D4B941118178244122189A /* PlayerBridge.swift */; };
		09F0DC01D5E2432514A48C48 /* ColorFilterUniformBuilder.swift in Sources */ = {isa = PBXBuildFile; fileRef = 89C302597C64CE365A2C47C5 /* ColorFilterUniformBuilder.swift */; };
		0A3215BE7E8A81B8886EB448 /* PlatformTypes.swift in Sources */ = {isa = PBXBuildFile; fileRef = A077A165BC093BAC4F219D3A /* PlatformTypes.swift */; };
		0ACB26120C08CB1E33BEAC17 /* PlaiY-TopShelf.appex in Embed Foundation Extensions */ = {isa = PBXBuildFile; fileRef = BA9D0A1052DB444F1C8BF7C1 /* PlaiY-TopShelf.appex */; settings = {ATTRIBUTES = (RemoveHeadersOnCopy, ); }; };
		0C3D60D006CA9BF312FABE67 /* LibraryViewModel.swift in Sources */ = {isa = PBXBuildFile; fileRef = F520418D5A5877AC7C8BAAC5 /* LibraryViewModel.swift */; };
		0CFC59962D9359DCC71B3BF3 /* SourceConfigTests.swift in Sources */ = {isa = PBXBuildFile; fileRef = 8CF842F44554B1DF331B0B0A /* SourceConfigTests.swift */; };
		0F35619712890B18CB711EB7 /* BridgeOperationError.swift in Sources */ = {isa = PBXBuildFile; fileRef = 5863A54B33E2752758593992 /* BridgeOperationError.swift */; };
		0FA38F7B165065229AD65C81 /* PlayerControlsView.swift in Sources */ = {isa = PBXBuildFile; fileRef = 971EC8EFBE85780DCE86168B /* PlayerControlsView.swift */; };
		130DF834DB1D23DD6557CB86 /* PlaiYApp.swift in Sources */ = {isa = PBXBuildFile; fileRef = 07ECE5CCFFC41640E2CF544F /* PlaiYApp.swift */; };
		148058555405E6A20F1D1F0B /* VideoDisplaySettingsTests.swift in Sources */ = {isa = PBXBuildFile; fileRef = D9BE4E8C995773F215FF4005 /* VideoDisplaySettingsTests.swift */; };
		14ACA52268C07A3A17C2E9E6 /* PlexAuth.swift in Sources */ = {isa = PBXBuildFile; fileRef = 08DADFD7E921DE10F509F231 /* PlexAuth.swift */; };
		1858118A083E6BFA252902D9 /* PlayerBridge.swift in Sources */ = {isa = PBXBuildFile; fileRef = 19D4B941118178244122189A /* PlayerBridge.swift */; };
		1B47148518CC9CCF37D04B9F /* SubtitleOverlayView.swift in Sources */ = {isa = PBXBuildFile; fileRef = 5F509227A3C23A5754D3548D /* SubtitleOverlayView.swift */; };
		1BED360F89786695CF6176BE /* PlayQueueView.swift in Sources */ = {isa = PBXBuildFile; fileRef = DA82CDE08702A80B59C30143 /* PlayQueueView.swift */; };
		1D8C9A37C65C57C507DD7FDC /* SourceBrowserView.swift in Sources */ = {isa = PBXBuildFile; fileRef = 0F1F5AC0A4064E5EB7F33E9A /* SourceBrowserView.swift */; };
		215218F97C48B6B0B6B5B0FD /* TrackInfo.swift in Sources */ = {isa = PBXBuildFile; fileRef = A1E84597FDD2AED7B577CBD7 /* TrackInfo.swift */; };
		229C71D626C47A78933F6DA7 /* PlayerBridgeProtocol.swift in Sources */ = {isa = PBXBuildFile; fileRef = BC2E9FB0E16F724DB3FD8DC5 /* PlayerBridgeProtocol.swift */; };
		24F1DB801D5BCF9CD2C7F7F3 /* ContentView.swift in Sources */ = {isa = PBXBuildFile; fileRef = 2E13F471AA3B2426876CCB66 /* ContentView.swift */; };
		2544ED48649D0ABF8557C1ED /* ResumeStore.swift in Sources */ = {isa = PBXBuildFile; fileRef = 175B51B7CAC6CB7A43502C27 /* ResumeStore.swift */; };
		259C643A39AC08496B6E0EA9 /* PYLog.swift in Sources */ = {isa = PBXBuildFile; fileRef = EBCE734B22E27E48EA38CB20 /* PYLog.swift */; };
		2659FDCF431087D04FCCF0CA /* TVRemoteGestureView.swift in Sources */ = {isa = PBXBuildFile; fileRef = 29A335C3917691C5337C950D /* TVRemoteGestureView.swift */; };
		274C9363D2892DCB6170DC9C /* SourcesViewModelTests.swift in Sources */ = {isa = PBXBuildFile; fileRef = 0170D34BB8AAAA0BA210AA07 /* SourcesViewModelTests.swift */; };
		29C4C220ECEC550712340047 /* BlackBarDetector.swift in Sources */ = {isa = PBXBuildFile; fileRef = 5CA424D5C2F7FDF4E8E2A02F /* BlackBarDetector.swift */; };
		2C1D184356DF905F1CD63FF9 /* VideoDisplaySettingsStoreTests.swift in Sources */ = {isa = PBXBuildFile; fileRef = 9E78ED27B0DDAFEFFCCAC95D /* VideoDisplaySettingsStoreTests.swift */; };
		2E922B88EEA385E8405ABC8A /* LibraryView.swift in Sources */ = {isa = PBXBuildFile; fileRef = 2959BC28D55EDB4E02F90CCA /* LibraryView.swift */; };
		2EBDA5CD7499D2E726552E88 /* DebugOverlayView.swift in Sources */ = {isa = PBXBuildFile; fileRef = FC06E3F8ACDABB7AF49F7863 /* DebugOverlayView.swift */; };
		2F567FCDAF195E59BA9B65A5 /* PYLog.swift in Sources */ = {isa = PBXBuildFile; fileRef = EBCE734B22E27E48EA38CB20 /* PYLog.swift */; };
		2FDF3B81A8B1ADA9C860E85B /* PlayQueue.swift in Sources */ = {isa = PBXBuildFile; fileRef = 1CA34F71165C7D7DE074BB3B /* PlayQueue.swift */; };
		30FE48B046995D7BF5F5AF01 /* SourcesViewModel.swift in Sources */ = {isa = PBXBuildFile; fileRef = F2859B8BA9FFDB1E85454DAD /* SourcesViewModel.swift */; };
		3476DEEC7977C8673A0E5D62 /* LibraryItemTests.swift in Sources */ = {isa = PBXBuildFile; fileRef = 7E15C77D6E3C12683522BA9D /* LibraryItemTests.swift */; };
		34BBAD4B07EDDC4C1C2BC368 /* metal_shaders.metal in Sources */ = {isa = PBXBuildFile; fileRef = CCBDB17BEB259661A261AFC0 /* metal_shaders.metal */; };
		37797A475F2B9B213966509A /* TVRemoteGestureView.swift in Sources */ = {isa = PBXBuildFile; fileRef = 29A335C3917691C5337C950D /* TVRemoteGestureView.swift */; };
		384152C1489E05CB6E1315BF /* HDRUniformBuilder.swift in Sources */ = {isa = PBXBuildFile; fileRef = 59010C96CF40DF2EBDC4FE49 /* HDRUniformBuilder.swift */; };
		39AEFA01F61800DBC53BECA7 /* SubtitleOverlayView.swift in Sources */ = {isa = PBXBuildFile; fileRef = 5F509227A3C23A5754D3548D /* SubtitleOverlayView.swift */; };
		39BFDCC45CF8E7927B8DC47A /* TrackInfoTests.swift in Sources */ = {isa = PBXBuildFile; fileRef = EDAEF68423AF3437F2668253 /* TrackInfoTests.swift */; };
		3B21956E3701C0F7D5C6FDBA /* PlayerView.swift in Sources */ = {isa = PBXBuildFile; fileRef = F793BF28CF63B6D50E101247 /* PlayerView.swift */; };
		3BAB250485098E38A499E0C0 /* PlayQueueTests.swift in Sources */ = {isa = PBXBuildFile; fileRef = 601FB575A66BFC1D0AE911DA /* PlayQueueTests.swift */; };
		3F9D2AD57A1B39344332BCE6 /* VideoDisplaySettings.swift in Sources */ = {isa = PBXBuildFile; fileRef = C44C43163E76DF6660045965 /* VideoDisplaySettings.swift */; };
		3FBCF0FC5FA79A2719225C38 /* VideoDisplaySettings.swift in Sources */ = {isa = PBXBuildFile; fileRef = C44C43163E76DF6660045965 /* VideoDisplaySettings.swift */; };
		441A41FD6B5258C9639D21B7 /* metal_shaders.metal in Sources */ = {isa = PBXBuildFile; fileRef = CCBDB17BEB259661A261AFC0 /* metal_shaders.metal */; };
		50189BD14F4F69D217B78C81 /* NowPlayingManager.swift in Sources */ = {isa = PBXBuildFile; fileRef = 8B333B492F5300A36DA03FF6 /* NowPlayingManager.swift */; };
		525814C9FECD19A1D806314F /* TimeFormatting.swift in Sources */ = {isa = PBXBuildFile; fileRef = 203C6CDD94EC0AAE81058701 /* TimeFormatting.swift */; };
		53039595BA63C362C34FDB5F /* BlackBarDetector.swift in Sources */ = {isa = PBXBuildFile; fileRef = 5CA424D5C2F7FDF4E8E2A02F /* BlackBarDetector.swift */; };
		5312B4CCA03C36909AF0A4A3 /* KeychainHelper.swift in Sources */ = {isa = PBXBuildFile; fileRef = 2B7985FD2B159C59D7CA921B /* KeychainHelper.swift */; };
		54D1E3E387F33E41688AB4C7 /* TimeFormattingTests.swift in Sources */ = {isa = PBXBuildFile; fileRef = 28BE4FCAB1AAD2A1C89CADFA /* TimeFormattingTests.swift */; };
		58DB79A5CAC345FBFF31C5F6 /* DVDisplayLayerView.swift in Sources */ = {isa = PBXBuildFile; fileRef = 4469503804BE56C07D0519EA /* DVDisplayLayerView.swift */; };
		59A465F92D44A1C49313D082 /* LibraryViewModel.swift in Sources */ = {isa = PBXBuildFile; fileRef = F520418D5A5877AC7C8BAAC5 /* LibraryViewModel.swift */; };
		6535157B0ACB395CCC675993 /* NowPlayingManager.swift in Sources */ = {isa = PBXBuildFile; fileRef = 8B333B492F5300A36DA03FF6 /* NowPlayingManager.swift */; };
		67DAA9277B86D6836DCB899C /* MediaItemView.swift in Sources */ = {isa = PBXBuildFile; fileRef = 60F626B76FBF5D265A3DACA0 /* MediaItemView.swift */; };
		67DFEAD98CC7D5E7FC6C9F6B /* TrackInfo.swift in Sources */ = {isa = PBXBuildFile; fileRef = A1E84597FDD2AED7B577CBD7 /* TrackInfo.swift */; };
		68A82B207E24F91787B02B60 /* MetalPlayerView.swift in Sources */ = {isa = PBXBuildFile; fileRef = BDB547B3DA8B8642C4AF4AF3 /* MetalPlayerView.swift */; };
		6A0F24D92E7D1D7A2346F0FC /* SettingsView.swift in Sources */ = {isa = PBXBuildFile; fileRef = CBEA4FDA4B2389AF3126AB39 /* SettingsView.swift */; };
		6A9203721AFAB44C17695B41 /* ContentProvider.swift in Sources */ = {isa = PBXBuildFile; fileRef = 3827F923362873679C629098 /* ContentProvider.swift */; };
		6C9F3639273DB2309F77973E /* PlexBufferSettings.swift in Sources */ = {isa = PBXBuildFile; fileRef = D7DF35F69D1D92E3D54783F9 /* PlexBufferSettings.swift */; };
		6D3F5534C4ED24B830A3CE2C /* AddSourceView.swift in Sources */ = {isa = PBXBuildFile; fileRef = A8E09681CB51FF9D91BFA6B7 /* AddSourceView.swift */; };
		70A3F4E1453F784F07CD2C4B /* SourceManagerBridge.swift in Sources */ = {isa = PBXBuildFile; fileRef = 5F6D7E28739BF8CDFD04F5A6 /* SourceManagerBridge.swift */; };
		70BCED2474D69E9F95F0B3BE /* DVDebugLogger.swift in Sources */ = {isa = PBXBuildFile; fileRef = 73392F2BF07CE4E2AF775C8B /* DVDebugLogger.swift */; };
		7374E061F0327985920B97D0 /* HDRUniformBuilder.swift in Sources */ = {isa = PBXBuildFile; fileRef = 59010C96CF40DF2EBDC4FE49 /* HDRUniformBuilder.swift */; };
		770B14FBC2A705285F0A69AE /* BridgeOperationError.swift in Sources */ = {isa = PBXBuildFile; fileRef = 5863A54B33E2752758593992 /* BridgeOperationError.swift */; };
		77AC86D17BCB012CE832A480 /* PlayQueue.swift in Sources */ = {isa = PBXBuildFile; fileRef = 1CA34F71165C7D7DE074BB3B /* PlayQueue.swift */; };
		797727605E3C329324F413F6 /* PlexAuth.swift in Sources */ = {isa = PBXBuildFile; fileRef = 08DADFD7E921DE10F509F231 /* PlexAuth.swift */; };
		7A786734D0C73E16CEFFCCA9 /* PlayQueue.swift in Sources */ = {isa = PBXBuildFile; fileRef = 1CA34F71165C7D7DE074BB3B /* PlayQueue.swift */; };
		7D40A9E38CC9771AA4D625E7 /* VideoDisplaySettingsStore.swift in Sources */ = {isa = PBXBuildFile; fileRef = 0491CFAF5AAA1F080603DF02 /* VideoDisplaySettingsStore.swift */; };
		7D7E1CECB3F17495DB5CB383 /* PYLog.swift in Sources */ = {isa = PBXBuildFile; fileRef = EBCE734B22E27E48EA38CB20 /* PYLog.swift */; };
		7FFA630CE049B775AB7C6980 /* LibraryViewModel.swift in Sources */ = {isa = PBXBuildFile; fileRef = F520418D5A5877AC7C8BAAC5 /* LibraryViewModel.swift */; };
		80568C9928578EB526752B5B /* PlayerControlsView.swift in Sources */ = {isa = PBXBuildFile; fileRef = 971EC8EFBE85780DCE86168B /* PlayerControlsView.swift */; };
		81A0175401452966DBDC87CD /* metal_shaders.metal in Sources */ = {isa = PBXBuildFile; fileRef = CCBDB17BEB259661A261AFC0 /* metal_shaders.metal */; };
		83545C0D32833ACFE12379B3 /* AppSettings.swift in Sources */ = {isa = PBXBuildFile; fileRef = 91DB9D0E9DBE07DE22489D88 /* AppSettings.swift */; };
		83E9AFFE397D8A15AABF7F01 /* SourceConfig.swift in Sources */ = {isa = PBXBuildFile; fileRef = 3FA3B873231A6C1DB5030E39 /* SourceConfig.swift */; };
		86A787552A6258882D056F1B /* ColorFilterUniformBuilder.swift in Sources */ = {isa = PBXBuildFile; fileRef = 89C302597C64CE365A2C47C5 /* ColorFilterUniformBuilder.swift */; };
		87CCC5C93A0485978A0992EA /* DVDisplayLayerView.swift in Sources */ = {isa = PBXBuildFile; fileRef = 4469503804BE56C07D0519EA /* DVDisplayLayerView.swift */; };
		8948589A135281D4060501FD /* TrackSelectionView.swift in Sources */ = {isa = PBXBuildFile; fileRef = D888DC06954A914994F0D3EC /* TrackSelectionView.swift */; };
		89621421365ED1BE4620A938 /* AddSourceView.swift in Sources */ = {isa = PBXBuildFile; fileRef = A8E09681CB51FF9D91BFA6B7 /* AddSourceView.swift */; };
		8C1F10FC293503EA3C2C8A4B /* SourcesViewModel.swift in Sources */ = {isa = PBXBuildFile; fileRef = F2859B8BA9FFDB1E85454DAD /* SourcesViewModel.swift */; };
		8DA705B09C731208699611A9 /* VideoDisplaySettings.swift in Sources */ = {isa = PBXBuildFile; fileRef = C44C43163E76DF6660045965 /* VideoDisplaySettings.swift */; };
		91389711205D5253EB73D56C /* DVDebugLogger.swift in Sources */ = {isa = PBXBuildFile; fileRef = 73392F2BF07CE4E2AF775C8B /* DVDebugLogger.swift */; };
		915693E139D3C5100A45A237 /* PlexBufferSettingsTests.swift in Sources */ = {isa = PBXBuildFile; fileRef = 2D5B1321CD6BA91881519A1C /* PlexBufferSettingsTests.swift */; };
		91A28C441EF1293D30284BCF /* AppSettings.swift in Sources */ = {isa = PBXBuildFile; fileRef = 91DB9D0E9DBE07DE22489D88 /* AppSettings.swift */; };
		96F064E6CD5016CCEE8E3B23 /* DebugOverlayView.swift in Sources */ = {isa = PBXBuildFile; fileRef = FC06E3F8ACDABB7AF49F7863 /* DebugOverlayView.swift */; };
		97AB0DCAC3648FFDA6E2BE75 /* PlayerControlsView.swift in Sources */ = {isa = PBXBuildFile; fileRef = 971EC8EFBE85780DCE86168B /* PlayerControlsView.swift */; };
		98167FCC407A4258A0F6086D /* SourceBrowserView.swift in Sources */ = {isa = PBXBuildFile; fileRef = 0F1F5AC0A4064E5EB7F33E9A /* SourceBrowserView.swift */; };
		98376E3F36BA233ED58845C6 /* PlaiYApp.swift in Sources */ = {isa = PBXBuildFile; fileRef = 07ECE5CCFFC41640E2CF544F /* PlaiYApp.swift */; };
		9858FFB6B6B45698B64D58A2 /* MediaItemView.swift in Sources */ = {isa = PBXBuildFile; fileRef = 60F626B76FBF5D265A3DACA0 /* MediaItemView.swift */; };
		9EB5E9D576649846E397DD7A /* AppSettings.swift in Sources */ = {isa = PBXBuildFile; fileRef = 91DB9D0E9DBE07DE22489D88 /* AppSettings.swift */; };
		9F9C3A4A32C249495F41BD91 /* MetalViewCoordinator.swift in Sources */ = {isa = PBXBuildFile; fileRef = 20FDE7B7B258E9A330A36754 /* MetalViewCoordinator.swift */; };
		9FEF606B339940FC9096A323 /* TVRemoteGestureView.swift in Sources */ = {isa = PBXBuildFile; fileRef = 29A335C3917691C5337C950D /* TVRemoteGestureView.swift */; };
		A1D079DF61673E3E9C992F90 /* SettingsView.swift in Sources */ = {isa = PBXBuildFile; fileRef = CBEA4FDA4B2389AF3126AB39 /* SettingsView.swift */; };
		A2D0C4EA7980B7F32D1383A5 /* TrackSelectionView.swift in Sources */ = {isa = PBXBuildFile; fileRef = D888DC06954A914994F0D3EC /* TrackSelectionView.swift */; };
		A2E284ABBD5EE2667F577161 /* TrackSelectionView.swift in Sources */ = {isa = PBXBuildFile; fileRef = D888DC06954A914994F0D3EC /* TrackSelectionView.swift */; };
		A48FCEE490F5E986BE4BC1D4 /* ResumeStore.swift in Sources */ = {isa = PBXBuildFile; fileRef = 175B51B7CAC6CB7A43502C27 /* ResumeStore.swift */; };
		AB30DA986151E4AD94479B42 /* PlexBufferSettings.swift in Sources */ = {isa = PBXBuildFile; fileRef = D7DF35F69D1D92E3D54783F9 /* PlexBufferSettings.swift */; };
		AE8FBE98517FDCFBA59A5175 /* ContentView.swift in Sources */ = {isa = PBXBuildFile; fileRef = 2E13F471AA3B2426876CCB66 /* ContentView.swift */; };
		AF1113C432323357C7924DAB /* ResumeStore.swift in Sources */ = {isa = PBXBuildFile; fileRef = 175B51B7CAC6CB7A43502C27 /* ResumeStore.swift */; };
		B0B82C407D7B2A510364C7E8 /* NowPlayingManagerTests.swift in Sources */ = {isa = PBXBuildFile; fileRef = CEF0A32D033247576C318436 /* NowPlayingManagerTests.swift */; };
		B1CF24A9AA6EC6AEE82DA49E /* DVDisplayLayerView.swift in Sources */ = {isa = PBXBuildFile; fileRef = 4469503804BE56C07D0519EA /* DVDisplayLayerView.swift */; };
		B793F06F838726972E3CFDB9 /* SourceConfig.swift in Sources */ = {isa = PBXBuildFile; fileRef = 3FA3B873231A6C1DB5030E39 /* SourceConfig.swift */; };
		BE1A651BACF92BF98B86A038 /* SourceConfig.swift in Sources */ = {isa = PBXBuildFile; fileRef = 3FA3B873231A6C1DB5030E39 /* SourceConfig.swift */; };
		C0643DD0B403D7989A7C6225 /* PlayerBridgeProtocol.swift in Sources */ = {isa = PBXBuildFile; fileRef = BC2E9FB0E16F724DB3FD8DC5 /* PlayerBridgeProtocol.swift */; };
		C1ED694DD7BD6AC7E857218B /* TimeFormatting.swift in Sources */ = {isa = PBXBuildFile; fileRef = 203C6CDD94EC0AAE81058701 /* TimeFormatting.swift */; };
		C44C5C2D53EAC787D175C3F6 /* PlayerViewModelTests.swift in Sources */ = {isa = PBXBuildFile; fileRef = 1BA85E71EAE1953A4599D144 /* PlayerViewModelTests.swift */; };
		C4FD58DB467D65B3843D9A7F /* MetalViewCoordinator.swift in Sources */ = {isa = PBXBuildFile; fileRef = 20FDE7B7B258E9A330A36754 /* MetalViewCoordinator.swift */; };
		C5BFB243D1153CBA63F184AD /* SettingsView.swift in Sources */ = {isa = PBXBuildFile; fileRef = CBEA4FDA4B2389AF3126AB39 /* SettingsView.swift */; };
		C72FDABAF60B8AC1AFEBB61C /* LibraryView.swift in Sources */ = {isa = PBXBuildFile; fileRef = 2959BC28D55EDB4E02F90CCA /* LibraryView.swift */; };
		C7641745468D4FDE312D1A7B /* PlatformTypes.swift in Sources */ = {isa = PBXBuildFile; fileRef = A077A165BC093BAC4F219D3A /* PlatformTypes.swift */; };
		CA433238B540E42BE64F28F5 /* MediaItemView.swift in Sources */ = {isa = PBXBuildFile; fileRef = 60F626B76FBF5D265A3DACA0 /* MediaItemView.swift */; };
		CABBA61A7118102BC8E1BCD5 /* MetalViewCoordinator.swift in Sources */ = {isa = PBXBuildFile; fileRef = 20FDE7B7B258E9A330A36754 /* MetalViewCoordinator.swift */; };
		CCA2A68999C94F8A19F90B9A /* VideoDisplaySettingsStore.swift in Sources */ = {isa = PBXBuildFile; fileRef = 0491CFAF5AAA1F080603DF02 /* VideoDisplaySettingsStore.swift */; };
		D21A7ABB9EAC36261BED44FB /* LayoutMetrics.swift in Sources */ = {isa = PBXBuildFile; fileRef = CC90CD882649EA51FBA43146 /* LayoutMetrics.swift */; };
		D25FC2DD6F96D28385BE2EF1 /* ResumeStore.swift in Sources */ = {isa = PBXBuildFile; fileRef = 175B51B7CAC6CB7A43502C27 /* ResumeStore.swift */; };
		D2972D3B58C33762E722AE92 /* SubtitleOverlayView.swift in Sources */ = {isa = PBXBuildFile; fileRef = 5F509227A3C23A5754D3548D /* SubtitleOverlayView.swift */; };
		D37A28A5DEF642E44014405E /* HDRUniformBuilder.swift in Sources */ = {isa = PBXBuildFile; fileRef = 59010C96CF40DF2EBDC4FE49 /* HDRUniformBuilder.swift */; };
		D3CBBF538ABD3981BAD4D021 /* AddSourceView.swift in Sources */ = {isa = PBXBuildFile; fileRef = A8E09681CB51FF9D91BFA6B7 /* AddSourceView.swift */; };
		D53D3576A70DFE015CD9AEFE /* ResumeStoreTests.swift in Sources */ = {isa = PBXBuildFile; fileRef = 8BA579447B8F379FB5BA79D2 /* ResumeStoreTests.swift */; };
		D671D26EA26130C6F1731B12 /* PlayQueueView.swift in Sources */ = {isa = PBXBuildFile; fileRef = DA82CDE08702A80B59C30143 /* PlayQueueView.swift */; };
		D71BD686F1B98796D06CAF15 /* PlayerView.swift in Sources */ = {isa = PBXBuildFile; fileRef = F793BF28CF63B6D50E101247 /* PlayerView.swift */; };
		D7EB4B84AF52954D67AF33AB /* SubtitleOverlayViewTests.swift in Sources */ = {isa = PBXBuildFile; fileRef = 7D6EE1B6F52AA87AB93EB6CF /* SubtitleOverlayViewTests.swift */; };
		D7FE81C235F565B33C070DFD /* VideoDisplaySettingsStore.swift in Sources */ = {isa = PBXBuildFile; fileRef = 0491CFAF5AAA1F080603DF02 /* VideoDisplaySettingsStore.swift */; };
		D9D3507CCD933BF26773571F /* BlackBarDetector.swift in Sources */ = {isa = PBXBuildFile; fileRef = 5CA424D5C2F7FDF4E8E2A02F /* BlackBarDetector.swift */; };
		DA0D8A2403F3721D42215A0F /* LibraryView.swift in Sources */ = {isa = PBXBuildFile; fileRef = 2959BC28D55EDB4E02F90CCA /* LibraryView.swift */; };
		DA9CC834A6CC252610EE836E /* ColorFilterUniformBuilder.swift in Sources */ = {isa = PBXBuildFile; fileRef = 89C302597C64CE365A2C47C5 /* ColorFilterUniformBuilder.swift */; };
		DB7A32957EB19FAC667A4215 /* PlayQueueView.swift in Sources */ = {isa = PBXBuildFile; fileRef = DA82CDE08702A80B59C30143 /* PlayQueueView.swift */; };
		DBEA2565D31000974373894D /* MetalPlayerView.swift in Sources */ = {isa = PBXBuildFile; fileRef = BDB547B3DA8B8642C4AF4AF3 /* MetalPlayerView.swift */; };
		DBF2723AED277A69E663D567 /* SourceManagerBridge.swift in Sources */ = {isa = PBXBuildFile; fileRef = 5F6D7E28739BF8CDFD04F5A6 /* SourceManagerBridge.swift */; };
		DC86BCC432EE393089FC265E /* PlayerViewModel.swift in Sources */ = {isa = PBXBuildFile; fileRef = 3607CF6035239073AEE20781 /* PlayerViewModel.swift */; };
		E0A10C2A440A397EA93D6597 /* PlatformTypes.swift in Sources */ = {isa = PBXBuildFile; fileRef = A077A165BC093BAC4F219D3A /* PlatformTypes.swift */; };
		E100C777BB1798DEACC4DB4B /* KeychainHelper.swift in Sources */ = {isa = PBXBuildFile; fileRef = 2B7985FD2B159C59D7CA921B /* KeychainHelper.swift */; };
		E1565D0064E80D10029AD72F /* TimeFormatting.swift in Sources */ = {isa = PBXBuildFile; fileRef = 203C6CDD94EC0AAE81058701 /* TimeFormatting.swift */; };
		E44CA4BFDA6391B6D7D4B141 /* PlayerViewModel.swift in Sources */ = {isa = PBXBuildFile; fileRef = 3607CF6035239073AEE20781 /* PlayerViewModel.swift */; };
		E9B76898F9E4F308CE9B4EAC /* PlayerBridge.swift in Sources */ = {isa = PBXBuildFile; fileRef = 19D4B941118178244122189A /* PlayerBridge.swift */; };
		EB58D4C0600EBAB7FCE96C36 /* DVDebugLogger.swift in Sources */ = {isa = PBXBuildFile; fileRef = 73392F2BF07CE4E2AF775C8B /* DVDebugLogger.swift */; };
		ECB580B637913CFAE2AB44A1 /* BridgeOperationError.swift in Sources */ = {isa = PBXBuildFile; fileRef = 5863A54B33E2752758593992 /* BridgeOperationError.swift */; };
		ECC24E6BD1F21ED34821C882 /* PlayerBridgeProtocol.swift in Sources */ = {isa = PBXBuildFile; fileRef = BC2E9FB0E16F724DB3FD8DC5 /* PlayerBridgeProtocol.swift */; };
		EED5907059EC6A940EE22B75 /* LayoutMetrics.swift in Sources */ = {isa = PBXBuildFile; fileRef = CC90CD882649EA51FBA43146 /* LayoutMetrics.swift */; };
		EED67EEEA8D0B1C26A136FE7 /* PlaiYApp.swift in Sources */ = {isa = PBXBuildFile; fileRef = 07ECE5CCFFC41640E2CF544F /* PlaiYApp.swift */; };
		EED8495255287A25191AAD54 /* PlexAuth.swift in Sources */ = {isa = PBXBuildFile; fileRef = 08DADFD7E921DE10F509F231 /* PlexAuth.swift */; };
		F01A043AA28464DA5BAA4723 /* ContentView.swift in Sources */ = {isa = PBXBuildFile; fileRef = 2E13F471AA3B2426876CCB66 /* ContentView.swift */; };
		F0E22522A3428DC87D91D303 /* SourceBrowserView.swift in Sources */ = {isa = PBXBuildFile; fileRef = 0F1F5AC0A4064E5EB7F33E9A /* SourceBrowserView.swift */; };
		F13BD1A6F5020058D746CBFC /* DebugOverlayView.swift in Sources */ = {isa = PBXBuildFile; fileRef = FC06E3F8ACDABB7AF49F7863 /* DebugOverlayView.swift */; };
		F29C5021A7BA1EBF91C32B92 /* NowPlayingManager.swift in Sources */ = {isa = PBXBuildFile; fileRef = 8B333B492F5300A36DA03FF6 /* NowPlayingManager.swift */; };
		F3AFE327297D75F1D1545128 /* SourceManagerBridge.swift in Sources */ = {isa = PBXBuildFile; fileRef = 5F6D7E28739BF8CDFD04F5A6 /* SourceManagerBridge.swift */; };
		F600BA41FF9C15DB714758D8 /* SourcesViewModel.swift in Sources */ = {isa = PBXBuildFile; fileRef = F2859B8BA9FFDB1E85454DAD /* SourcesViewModel.swift */; };
		F6D3650B995537C477D7C974 /* PlayerViewModel.swift in Sources */ = {isa = PBXBuildFile; fileRef = 3607CF6035239073AEE20781 /* PlayerViewModel.swift */; };
		F91E6A4441C28BCA4C94303F /* MetalPlayerView.swift in Sources */ = {isa = PBXBuildFile; fileRef = BDB547B3DA8B8642C4AF4AF3 /* MetalPlayerView.swift */; };
		F9EA72B4DBFCB027A121FF2D /* MockPlayerBridge.swift in Sources */ = {isa = PBXBuildFile; fileRef = 0AF0D37400892E0FF404C80B /* MockPlayerBridge.swift */; };
		FC313B4E10CBF50CD3D8BC9D /* LayoutMetrics.swift in Sources */ = {isa = PBXBuildFile; fileRef = CC90CD882649EA51FBA43146 /* LayoutMetrics.swift */; };
		FDC949BE282F6623C8635169 /* KeychainHelper.swift in Sources */ = {isa = PBXBuildFile; fileRef = 2B7985FD2B159C59D7CA921B /* KeychainHelper.swift */; };
/* End PBXBuildFile section */

/* Begin PBXContainerItemProxy section */
		97118C0CE131C51476B67182 /* PBXContainerItemProxy */ = {
			isa = PBXContainerItemProxy;
			containerPortal = 891FD5599C5EC3FA791A5B10 /* Project object */;
			proxyType = 1;
			remoteGlobalIDString = 8A32277A80F440F99D5B6947;
			remoteInfo = "PlaiY-TopShelf";
		};
		9FC856EBF4CC55967F3370E5 /* PBXContainerItemProxy */ = {
			isa = PBXContainerItemProxy;
			containerPortal = 891FD5599C5EC3FA791A5B10 /* Project object */;
			proxyType = 1;
			remoteGlobalIDString = 12E70D21735AFAA18A380B49;
			remoteInfo = PlaiY;
		};
/* End PBXContainerItemProxy section */

/* Begin PBXCopyFilesBuildPhase section */
		888D2D76E194057AB2DBFF77 /* Embed Foundation Extensions */ = {
			isa = PBXCopyFilesBuildPhase;
			buildActionMask = 2147483647;
			dstPath = "";
			dstSubfolderSpec = 13;
			files = (
				0ACB26120C08CB1E33BEAC17 /* PlaiY-TopShelf.appex in Embed Foundation Extensions */,
			);
			name = "Embed Foundation Extensions";
			runOnlyForDeploymentPostprocessing = 0;
		};
/* End PBXCopyFilesBuildPhase section */

/* Begin PBXFileReference section */
		0170D34BB8AAAA0BA210AA07 /* SourcesViewModelTests.swift */ = {isa = PBXFileReference; lastKnownFileType = sourcecode.swift; path = SourcesViewModelTests.swift; sourceTree = "<group>"; };
		0491CFAF5AAA1F080603DF02 /* VideoDisplaySettingsStore.swift */ = {isa = PBXFileReference; lastKnownFileType = sourcecode.swift; path = VideoDisplaySettingsStore.swift; sourceTree = "<group>"; };
		07ECE5CCFFC41640E2CF544F /* PlaiYApp.swift */ = {isa = PBXFileReference; lastKnownFileType = sourcecode.swift; path = PlaiYApp.swift; sourceTree = "<group>"; };
		08DADFD7E921DE10F509F231 /* PlexAuth.swift */ = {isa = PBXFileReference; lastKnownFileType = sourcecode.swift; path = PlexAuth.swift; sourceTree = "<group>"; };
		0AF0D37400892E0FF404C80B /* MockPlayerBridge.swift */ = {isa = PBXFileReference; lastKnownFileType = sourcecode.swift; path = MockPlayerBridge.swift; sourceTree = "<group>"; };
		0F1F5AC0A4064E5EB7F33E9A /* SourceBrowserView.swift */ = {isa = PBXFileReference; lastKnownFileType = sourcecode.swift; path = SourceBrowserView.swift; sourceTree = "<group>"; };
		12D362E93F1F7BFB374D7C8A /* Info.plist */ = {isa = PBXFileReference; lastKnownFileType = text.plist; path = Info.plist; sourceTree = "<group>"; };
		13AC9DF9C7A70B3CFCCD9AB3 /* PlaiYTests.xctest */ = {isa = PBXFileReference; explicitFileType = wrapper.cfbundle; includeInIndex = 0; path = PlaiYTests.xctest; sourceTree = BUILT_PRODUCTS_DIR; };
		175B51B7CAC6CB7A43502C27 /* ResumeStore.swift */ = {isa = PBXFileReference; lastKnownFileType = sourcecode.swift; path = ResumeStore.swift; sourceTree = "<group>"; };
		19D4B941118178244122189A /* PlayerBridge.swift */ = {isa = PBXFileReference; lastKnownFileType = sourcecode.swift; path = PlayerBridge.swift; sourceTree = "<group>"; };
		1BA85E71EAE1953A4599D144 /* PlayerViewModelTests.swift */ = {isa = PBXFileReference; lastKnownFileType = sourcecode.swift; path = PlayerViewModelTests.swift; sourceTree = "<group>"; };
		1CA34F71165C7D7DE074BB3B /* PlayQueue.swift */ = {isa = PBXFileReference; lastKnownFileType = sourcecode.swift; path = PlayQueue.swift; sourceTree = "<group>"; };
		203C6CDD94EC0AAE81058701 /* TimeFormatting.swift */ = {isa = PBXFileReference; lastKnownFileType = sourcecode.swift; path = TimeFormatting.swift; sourceTree = "<group>"; };
		20FDE7B7B258E9A330A36754 /* MetalViewCoordinator.swift */ = {isa = PBXFileReference; lastKnownFileType = sourcecode.swift; path = MetalViewCoordinator.swift; sourceTree = "<group>"; };
		25D428FFE767625A57745F50 /* PlaiY-iOS.app */ = {isa = PBXFileReference; includeInIndex = 0; lastKnownFileType = wrapper.application; path = "PlaiY-iOS.app"; sourceTree = BUILT_PRODUCTS_DIR; };
		28BE4FCAB1AAD2A1C89CADFA /* TimeFormattingTests.swift */ = {isa = PBXFileReference; lastKnownFileType = sourcecode.swift; path = TimeFormattingTests.swift; sourceTree = "<group>"; };
		2959BC28D55EDB4E02F90CCA /* LibraryView.swift */ = {isa = PBXFileReference; lastKnownFileType = sourcecode.swift; path = LibraryView.swift; sourceTree = "<group>"; };
		29A335C3917691C5337C950D /* TVRemoteGestureView.swift */ = {isa = PBXFileReference; lastKnownFileType = sourcecode.swift; path = TVRemoteGestureView.swift; sourceTree = "<group>"; };
		2B7985FD2B159C59D7CA921B /* KeychainHelper.swift */ = {isa = PBXFileReference; lastKnownFileType = sourcecode.swift; path = KeychainHelper.swift; sourceTree = "<group>"; };
		2D5B1321CD6BA91881519A1C /* PlexBufferSettingsTests.swift */ = {isa = PBXFileReference; lastKnownFileType = sourcecode.swift; path = PlexBufferSettingsTests.swift; sourceTree = "<group>"; };
		2E13F471AA3B2426876CCB66 /* ContentView.swift */ = {isa = PBXFileReference; lastKnownFileType = sourcecode.swift; path = ContentView.swift; sourceTree = "<group>"; };
		3607CF6035239073AEE20781 /* PlayerViewModel.swift */ = {isa = PBXFileReference; lastKnownFileType = sourcecode.swift; path = PlayerViewModel.swift; sourceTree = "<group>"; };
		3827F923362873679C629098 /* ContentProvider.swift */ = {isa = PBXFileReference; lastKnownFileType = sourcecode.swift; path = ContentProvider.swift; sourceTree = "<group>"; };
		3FA3B873231A6C1DB5030E39 /* SourceConfig.swift */ = {isa = PBXFileReference; lastKnownFileType = sourcecode.swift; path = SourceConfig.swift; sourceTree = "<group>"; };
		4469503804BE56C07D0519EA /* DVDisplayLayerView.swift */ = {isa = PBXFileReference; lastKnownFileType = sourcecode.swift; path = DVDisplayLayerView.swift; sourceTree = "<group>"; };
		5206B0B7315CCF3BBB96D988 /* TopShelf.entitlements */ = {isa = PBXFileReference; lastKnownFileType = text.plist.entitlements; path = TopShelf.entitlements; sourceTree = "<group>"; };
		5863A54B33E2752758593992 /* BridgeOperationError.swift */ = {isa = PBXFileReference; lastKnownFileType = sourcecode.swift; path = BridgeOperationError.swift; sourceTree = "<group>"; };
		59010C96CF40DF2EBDC4FE49 /* HDRUniformBuilder.swift */ = {isa = PBXFileReference; lastKnownFileType = sourcecode.swift; path = HDRUniformBuilder.swift; sourceTree = "<group>"; };
		5A26B40CBF9DA66622BB57D1 /* PlaiY.entitlements */ = {isa = PBXFileReference; lastKnownFileType = text.plist.entitlements; path = PlaiY.entitlements; sourceTree = "<group>"; };
		5CA424D5C2F7FDF4E8E2A02F /* BlackBarDetector.swift */ = {isa = PBXFileReference; lastKnownFileType = sourcecode.swift; path = BlackBarDetector.swift; sourceTree = "<group>"; };
		5F509227A3C23A5754D3548D /* SubtitleOverlayView.swift */ = {isa = PBXFileReference; lastKnownFileType = sourcecode.swift; path = SubtitleOverlayView.swift; sourceTree = "<group>"; };
		5F6D7E28739BF8CDFD04F5A6 /* SourceManagerBridge.swift */ = {isa = PBXFileReference; lastKnownFileType = sourcecode.swift; path = SourceManagerBridge.swift; sourceTree = "<group>"; };
		601FB575A66BFC1D0AE911DA /* PlayQueueTests.swift */ = {isa = PBXFileReference; lastKnownFileType = sourcecode.swift; path = PlayQueueTests.swift; sourceTree = "<group>"; };
		605D92FB022572469E826CE1 /* PlaiY.entitlements */ = {isa = PBXFileReference; lastKnownFileType = text.plist.entitlements; path = PlaiY.entitlements; sourceTree = "<group>"; };
		60F626B76FBF5D265A3DACA0 /* MediaItemView.swift */ = {isa = PBXFileReference; lastKnownFileType = sourcecode.swift; path = MediaItemView.swift; sourceTree = "<group>"; };
		6969ACD6B001ECEDE1F998F1 /* Info.plist */ = {isa = PBXFileReference; lastKnownFileType = text.plist; path = Info.plist; sourceTree = "<group>"; };
		73392F2BF07CE4E2AF775C8B /* DVDebugLogger.swift */ = {isa = PBXFileReference; lastKnownFileType = sourcecode.swift; path = DVDebugLogger.swift; sourceTree = "<group>"; };
		7D6EE1B6F52AA87AB93EB6CF /* SubtitleOverlayViewTests.swift */ = {isa = PBXFileReference; lastKnownFileType = sourcecode.swift; path = SubtitleOverlayViewTests.swift; sourceTree = "<group>"; };
		7E15C77D6E3C12683522BA9D /* LibraryItemTests.swift */ = {isa = PBXFileReference; lastKnownFileType = sourcecode.swift; path = LibraryItemTests.swift; sourceTree = "<group>"; };
		89C302597C64CE365A2C47C5 /* ColorFilterUniformBuilder.swift */ = {isa = PBXFileReference; lastKnownFileType = sourcecode.swift; path = ColorFilterUniformBuilder.swift; sourceTree = "<group>"; };
		8B333B492F5300A36DA03FF6 /* NowPlayingManager.swift */ = {isa = PBXFileReference; lastKnownFileType = sourcecode.swift; path = NowPlayingManager.swift; sourceTree = "<group>"; };
		8BA579447B8F379FB5BA79D2 /* ResumeStoreTests.swift */ = {isa = PBXFileReference; lastKnownFileType = sourcecode.swift; path = ResumeStoreTests.swift; sourceTree = "<group>"; };
		8CF842F44554B1DF331B0B0A /* SourceConfigTests.swift */ = {isa = PBXFileReference; lastKnownFileType = sourcecode.swift; path = SourceConfigTests.swift; sourceTree = "<group>"; };
		91DB9D0E9DBE07DE22489D88 /* AppSettings.swift */ = {isa = PBXFileReference; lastKnownFileType = sourcecode.swift; path = AppSettings.swift; sourceTree = "<group>"; };
		971EC8EFBE85780DCE86168B /* PlayerControlsView.swift */ = {isa = PBXFileReference; lastKnownFileType = sourcecode.swift; path = PlayerControlsView.swift; sourceTree = "<group>"; };
		9E78ED27B0DDAFEFFCCAC95D /* VideoDisplaySettingsStoreTests.swift */ = {isa = PBXFileReference; lastKnownFileType = sourcecode.swift; path = VideoDisplaySettingsStoreTests.swift; sourceTree = "<group>"; };
		A077A165BC093BAC4F219D3A /* PlatformTypes.swift */ = {isa = PBXFileReference; lastKnownFileType = sourcecode.swift; path = PlatformTypes.swift; sourceTree = "<group>"; };
		A1E84597FDD2AED7B577CBD7 /* TrackInfo.swift */ = {isa = PBXFileReference; lastKnownFileType = sourcecode.swift; path = TrackInfo.swift; sourceTree = "<group>"; };
		A3D7002606B6C0F0F4FEA950 /* Info.plist */ = {isa = PBXFileReference; lastKnownFileType = text.plist; path = Info.plist; sourceTree = "<group>"; };
		A8E09681CB51FF9D91BFA6B7 /* AddSourceView.swift */ = {isa = PBXFileReference; lastKnownFileType = sourcecode.swift; path = AddSourceView.swift; sourceTree = "<group>"; };
		AE562E44D72724E927A7FACC /* PlaiY.entitlements */ = {isa = PBXFileReference; lastKnownFileType = text.plist.entitlements; path = PlaiY.entitlements; sourceTree = "<group>"; };
		BA9D0A1052DB444F1C8BF7C1 /* PlaiY-TopShelf.appex */ = {isa = PBXFileReference; includeInIndex = 0; lastKnownFileType = "wrapper.app-extension"; path = "PlaiY-TopShelf.appex"; sourceTree = BUILT_PRODUCTS_DIR; };
		BC2E9FB0E16F724DB3FD8DC5 /* PlayerBridgeProtocol.swift */ = {isa = PBXFileReference; lastKnownFileType = sourcecode.swift; path = PlayerBridgeProtocol.swift; sourceTree = "<group>"; };
		BDB547B3DA8B8642C4AF4AF3 /* MetalPlayerView.swift */ = {isa = PBXFileReference; lastKnownFileType = sourcecode.swift; path = MetalPlayerView.swift; sourceTree = "<group>"; };
		C44C43163E76DF6660045965 /* VideoDisplaySettings.swift */ = {isa = PBXFileReference; lastKnownFileType = sourcecode.swift; path = VideoDisplaySettings.swift; sourceTree = "<group>"; };
		CBEA4FDA4B2389AF3126AB39 /* SettingsView.swift */ = {isa = PBXFileReference; lastKnownFileType = sourcecode.swift; path = SettingsView.swift; sourceTree = "<group>"; };
		CC90CD882649EA51FBA43146 /* LayoutMetrics.swift */ = {isa = PBXFileReference; lastKnownFileType = sourcecode.swift; path = LayoutMetrics.swift; sourceTree = "<group>"; };
		CCBDB17BEB259661A261AFC0 /* metal_shaders.metal */ = {isa = PBXFileReference; lastKnownFileType = sourcecode.metal; path = metal_shaders.metal; sourceTree = "<group>"; };
		CEF0A32D033247576C318436 /* NowPlayingManagerTests.swift */ = {isa = PBXFileReference; lastKnownFileType = sourcecode.swift; path = NowPlayingManagerTests.swift; sourceTree = "<group>"; };
		D30100538A9FEBA7B9A43D74 /* PlaiY-tvOS.app */ = {isa = PBXFileReference; includeInIndex = 0; lastKnownFileType = wrapper.application; path = "PlaiY-tvOS.app"; sourceTree = BUILT_PRODUCTS_DIR; };
		D7DF35F69D1D92E3D54783F9 /* PlexBufferSettings.swift */ = {isa = PBXFileReference; lastKnownFileType = sourcecode.swift; path = PlexBufferSettings.swift; sourceTree = "<group>"; };
		D888DC06954A914994F0D3EC /* TrackSelectionView.swift */ = {isa = PBXFileReference; lastKnownFileType = sourcecode.swift; path = TrackSelectionView.swift; sourceTree = "<group>"; };
		D9BE4E8C995773F215FF4005 /* VideoDisplaySettingsTests.swift */ = {isa = PBXFileReference; lastKnownFileType = sourcecode.swift; path = VideoDisplaySettingsTests.swift; sourceTree = "<group>"; };
		DA82CDE08702A80B59C30143 /* PlayQueueView.swift */ = {isa = PBXFileReference; lastKnownFileType = sourcecode.swift; path = PlayQueueView.swift; sourceTree = "<group>"; };
		E70C6C424D83AFFE819F2081 /* PlaiY.app */ = {isa = PBXFileReference; explicitFileType = wrapper.application; includeInIndex = 0; path = PlaiY.app; sourceTree = BUILT_PRODUCTS_DIR; };
		EBCE734B22E27E48EA38CB20 /* PYLog.swift */ = {isa = PBXFileReference; lastKnownFileType = sourcecode.swift; path = PYLog.swift; sourceTree = "<group>"; };
		EDAEF68423AF3437F2668253 /* TrackInfoTests.swift */ = {isa = PBXFileReference; lastKnownFileType = sourcecode.swift; path = TrackInfoTests.swift; sourceTree = "<group>"; };
		F2859B8BA9FFDB1E85454DAD /* SourcesViewModel.swift */ = {isa = PBXFileReference; lastKnownFileType = sourcecode.swift; path = SourcesViewModel.swift; sourceTree = "<group>"; };
		F520418D5A5877AC7C8BAAC5 /* LibraryViewModel.swift */ = {isa = PBXFileReference; lastKnownFileType = sourcecode.swift; path = LibraryViewModel.swift; sourceTree = "<group>"; };
		F793BF28CF63B6D50E101247 /* PlayerView.swift */ = {isa = PBXFileReference; lastKnownFileType = sourcecode.swift; path = PlayerView.swift; sourceTree = "<group>"; };
		FC06E3F8ACDABB7AF49F7863 /* DebugOverlayView.swift */ = {isa = PBXFileReference; lastKnownFileType = sourcecode.swift; path = DebugOverlayView.swift; sourceTree = "<group>"; };
		FFE25C6348E3E16EC59AD3A2 /* Info.plist */ = {isa = PBXFileReference; lastKnownFileType = text.plist; path = Info.plist; sourceTree = "<group>"; };
/* End PBXFileReference section */

/* Begin PBXGroup section */
		00D0426CAA8CA1C0D2915B36 /* Shared */ = {
			isa = PBXGroup;
			children = (
				91DB9D0E9DBE07DE22489D88 /* AppSettings.swift */,
				5CA424D5C2F7FDF4E8E2A02F /* BlackBarDetector.swift */,
				5863A54B33E2752758593992 /* BridgeOperationError.swift */,
				2B7985FD2B159C59D7CA921B /* KeychainHelper.swift */,
				CC90CD882649EA51FBA43146 /* LayoutMetrics.swift */,
				F520418D5A5877AC7C8BAAC5 /* LibraryViewModel.swift */,
				8B333B492F5300A36DA03FF6 /* NowPlayingManager.swift */,
				07ECE5CCFFC41640E2CF544F /* PlaiYApp.swift */,
				A077A165BC093BAC4F219D3A /* PlatformTypes.swift */,
				19D4B941118178244122189A /* PlayerBridge.swift */,
				BC2E9FB0E16F724DB3FD8DC5 /* PlayerBridgeProtocol.swift */,
				3607CF6035239073AEE20781 /* PlayerViewModel.swift */,
				1CA34F71165C7D7DE074BB3B /* PlayQueue.swift */,
				08DADFD7E921DE10F509F231 /* PlexAuth.swift */,
				D7DF35F69D1D92E3D54783F9 /* PlexBufferSettings.swift */,
				EBCE734B22E27E48EA38CB20 /* PYLog.swift */,
				175B51B7CAC6CB7A43502C27 /* ResumeStore.swift */,
				3FA3B873231A6C1DB5030E39 /* SourceConfig.swift */,
				5F6D7E28739BF8CDFD04F5A6 /* SourceManagerBridge.swift */,
				F2859B8BA9FFDB1E85454DAD /* SourcesViewModel.swift */,
				203C6CDD94EC0AAE81058701 /* TimeFormatting.swift */,
				A1E84597FDD2AED7B577CBD7 /* TrackInfo.swift */,
				C44C43163E76DF6660045965 /* VideoDisplaySettings.swift */,
				0491CFAF5AAA1F080603DF02 /* VideoDisplaySettingsStore.swift */,
				39C2695F72D1983380708E99 /* Metal */,
				2A62C07F0B88288C0B50475D /* Views */,
			);
			path = Shared;
			sourceTree = "<group>";
		};
		0F2713753C634882BCDB2376 /* Products */ = {
			isa = PBXGroup;
			children = (
				25D428FFE767625A57745F50 /* PlaiY-iOS.app */,
				BA9D0A1052DB444F1C8BF7C1 /* PlaiY-TopShelf.appex */,
				D30100538A9FEBA7B9A43D74 /* PlaiY-tvOS.app */,
				E70C6C424D83AFFE819F2081 /* PlaiY.app */,
				13AC9DF9C7A70B3CFCCD9AB3 /* PlaiYTests.xctest */,
			);
			name = Products;
			sourceTree = "<group>";
		};
		2727EA4B15E0B0E9F0EE977D /* PlaiYTests */ = {
			isa = PBXGroup;
			children = (
				7E15C77D6E3C12683522BA9D /* LibraryItemTests.swift */,
				CEF0A32D033247576C318436 /* NowPlayingManagerTests.swift */,
				1BA85E71EAE1953A4599D144 /* PlayerViewModelTests.swift */,
				601FB575A66BFC1D0AE911DA /* PlayQueueTests.swift */,
				2D5B1321CD6BA91881519A1C /* PlexBufferSettingsTests.swift */,
				8BA579447B8F379FB5BA79D2 /* ResumeStoreTests.swift */,
				8CF842F44554B1DF331B0B0A /* SourceConfigTests.swift */,
				0170D34BB8AAAA0BA210AA07 /* SourcesViewModelTests.swift */,
				7D6EE1B6F52AA87AB93EB6CF /* SubtitleOverlayViewTests.swift */,
				28BE4FCAB1AAD2A1C89CADFA /* TimeFormattingTests.swift */,
				EDAEF68423AF3437F2668253 /* TrackInfoTests.swift */,
				9E78ED27B0DDAFEFFCCAC95D /* VideoDisplaySettingsStoreTests.swift */,
				D9BE4E8C995773F215FF4005 /* VideoDisplaySettingsTests.swift */,
				D4AD21CAD6B508E50FB59823 /* Mocks */,
			);
			path = PlaiYTests;
			sourceTree = "<group>";
		};
		2A62C07F0B88288C0B50475D /* Views */ = {
			isa = PBXGroup;
			children = (
				A8E09681CB51FF9D91BFA6B7 /* AddSourceView.swift */,
				2E13F471AA3B2426876CCB66 /* ContentView.swift */,
				FC06E3F8ACDABB7AF49F7863 /* DebugOverlayView.swift */,
				4469503804BE56C07D0519EA /* DVDisplayLayerView.swift */,
				2959BC28D55EDB4E02F90CCA /* LibraryView.swift */,
				60F626B76FBF5D265A3DACA0 /* MediaItemView.swift */,
				BDB547B3DA8B8642C4AF4AF3 /* MetalPlayerView.swift */,
				971EC8EFBE85780DCE86168B /* PlayerControlsView.swift */,
				F793BF28CF63B6D50E101247 /* PlayerView.swift */,
				DA82CDE08702A80B59C30143 /* PlayQueueView.swift */,
				CBEA4FDA4B2389AF3126AB39 /* SettingsView.swift */,
				0F1F5AC0A4064E5EB7F33E9A /* SourceBrowserView.swift */,
				5F509227A3C23A5754D3548D /* SubtitleOverlayView.swift */,
				D888DC06954A914994F0D3EC /* TrackSelectionView.swift */,
				29A335C3917691C5337C950D /* TVRemoteGestureView.swift */,
			);
			path = Views;
			sourceTree = "<group>";
		};
		2EE389503B740443F5DB79B3 /* apple */ = {
			isa = PBXGroup;
			children = (
				CCBDB17BEB259661A261AFC0 /* metal_shaders.metal */,
			);
			name = apple;
			path = ../core/platform/apple;
			sourceTree = "<group>";
		};
		39C2695F72D1983380708E99 /* Metal */ = {
			isa = PBXGroup;
			children = (
				89C302597C64CE365A2C47C5 /* ColorFilterUniformBuilder.swift */,
				73392F2BF07CE4E2AF775C8B /* DVDebugLogger.swift */,
				59010C96CF40DF2EBDC4FE49 /* HDRUniformBuilder.swift */,
				20FDE7B7B258E9A330A36754 /* MetalViewCoordinator.swift */,
			);
			path = Metal;
			sourceTree = "<group>";
		};
		50BE73C931A139446BF95F60 /* iOS */ = {
			isa = PBXGroup;
			children = (
				A3D7002606B6C0F0F4FEA950 /* Info.plist */,
				605D92FB022572469E826CE1 /* PlaiY.entitlements */,
			);
			path = iOS;
			sourceTree = "<group>";
		};
		754432C17732B6F3F99A7373 /* tvOS */ = {
			isa = PBXGroup;
			children = (
				6969ACD6B001ECEDE1F998F1 /* Info.plist */,
				AE562E44D72724E927A7FACC /* PlaiY.entitlements */,
			);
			path = tvOS;
			sourceTree = "<group>";
		};
		92E3C42B6B105BF9AD48A0D4 /* macOS */ = {
			isa = PBXGroup;
			children = (
				12D362E93F1F7BFB374D7C8A /* Info.plist */,
				5A26B40CBF9DA66622BB57D1 /* PlaiY.entitlements */,
			);
			path = macOS;
			sourceTree = "<group>";
		};
		C7E803AD4898AE0E9C0C9454 /* TopShelf */ = {
			isa = PBXGroup;
			children = (
				3827F923362873679C629098 /* ContentProvider.swift */,
				FFE25C6348E3E16EC59AD3A2 /* Info.plist */,
				5206B0B7315CCF3BBB96D988 /* TopShelf.entitlements */,
			);
			path = TopShelf;
			sourceTree = "<group>";
		};
		C8D1E1C292BC4759D95D85F2 = {
			isa = PBXGroup;
			children = (
				2EE389503B740443F5DB79B3 /* apple */,
				50BE73C931A139446BF95F60 /* iOS */,
				92E3C42B6B105BF9AD48A0D4 /* macOS */,
				2727EA4B15E0B0E9F0EE977D /* PlaiYTests */,
				00D0426CAA8CA1C0D2915B36 /* Shared */,
				C7E803AD4898AE0E9C0C9454 /* TopShelf */,
				754432C17732B6F3F99A7373 /* tvOS */,
				0F2713753C634882BCDB2376 /* Products */,
			);
			sourceTree = "<group>";
		};
		D4AD21CAD6B508E50FB59823 /* Mocks */ = {
			isa = PBXGroup;
			children = (
				0AF0D37400892E0FF404C80B /* MockPlayerBridge.swift */,
			);
			path = Mocks;
			sourceTree = "<group>";
		};
/* End PBXGroup section */

/* Begin PBXNativeTarget section */
		12E70D21735AFAA18A380B49 /* PlaiY */ = {
			isa = PBXNativeTarget;
			buildConfigurationList = 794555F2C7B7BA22FDA2220F /* Build configuration list for PBXNativeTarget "PlaiY" */;
			buildPhases = (
				2A6EB93FFCA7610DBA1A42CE /* Sources */,
			);
			buildRules = (
			);
			dependencies = (
			);
			name = PlaiY;
			packageProductDependencies = (
			);
			productName = PlaiY;
			productReference = E70C6C424D83AFFE819F2081 /* PlaiY.app */;
			productType = "com.apple.product-type.application";
		};
		5514F19E42D2DE7401968BE6 /* PlaiY-tvOS */ = {
			isa = PBXNativeTarget;
			buildConfigurationList = 295F7A701B04856120013567 /* Build configuration list for PBXNativeTarget "PlaiY-tvOS" */;
			buildPhases = (
				9B9B620850B0783531BA9FCC /* Sources */,
				888D2D76E194057AB2DBFF77 /* Embed Foundation Extensions */,
			);
			buildRules = (
			);
			dependencies = (
				179B3169EDFBA747255DEDA4 /* PBXTargetDependency */,
			);
			name = "PlaiY-tvOS";
			packageProductDependencies = (
			);
			productName = "PlaiY-tvOS";
			productReference = D30100538A9FEBA7B9A43D74 /* PlaiY-tvOS.app */;
			productType = "com.apple.product-type.application";
		};
		8A32277A80F440F99D5B6947 /* PlaiY-TopShelf */ = {
			isa = PBXNativeTarget;
			buildConfigurationList = F23E559E50D5A4DDCF4B514A /* Build configuration list for PBXNativeTarget "PlaiY-TopShelf" */;
			buildPhases = (
				BEC23B277F2C0657F1196BF6 /* Sources */,
			);
			buildRules = (
			);
			dependencies = (
			);
			name = "PlaiY-TopShelf";
			packageProductDependencies = (
			);
			productName = "PlaiY-TopShelf";
			productReference = BA9D0A1052DB444F1C8BF7C1 /* PlaiY-TopShelf.appex */;
			productType = "com.apple.product-type.tv-app-extension";
		};
		B0C69054710D5E1FBDA29D55 /* PlaiYTests */ = {
			isa = PBXNativeTarget;
			buildConfigurationList = 1F6BFB9C46CFFE7CEEFD6048 /* Build configuration list for PBXNativeTarget "PlaiYTests" */;
			buildPhases = (
				030EB98D0B6D00E5F4D240BD /* Sources */,
			);
			buildRules = (
			);
			dependencies = (
				ECE9537A0B8BFEB451A947C6 /* PBXTargetDependency */,
			);
			name = PlaiYTests;
			packageProductDependencies = (
			);
			productName = PlaiYTests;
			productReference = 13AC9DF9C7A70B3CFCCD9AB3 /* PlaiYTests.xctest */;
			productType = "com.apple.product-type.bundle.unit-test";
		};
		D2B6D6427B45FEABA7CE9C89 /* PlaiY-iOS */ = {
			isa = PBXNativeTarget;
			buildConfigurationList = 9995C7BEBBFE7C15FA6A474F /* Build configuration list for PBXNativeTarget "PlaiY-iOS" */;
			buildPhases = (
				20CFA3255CCDE6BCD9AA14B0 /* Sources */,
			);
			buildRules = (
			);
			dependencies = (
			);
			name = "PlaiY-iOS";
			packageProductDependencies = (
			);
			productName = "PlaiY-iOS";
			productReference = 25D428FFE767625A57745F50 /* PlaiY-iOS.app */;
			productType = "com.apple.product-type.application";
		};
/* End PBXNativeTarget section */

/* Begin PBXProject section */
		891FD5599C5EC3FA791A5B10 /* Project object */ = {
			isa = PBXProject;
			attributes = {
				BuildIndependentTargetsInParallel = YES;
				LastUpgradeCheck = 1800;
				TargetAttributes = {
				};
			};
			buildConfigurationList = 6359FB4A0363479A6F553601 /* Build configuration list for PBXProject "PlaiY" */;
			developmentRegion = en;
			hasScannedForEncodings = 0;
			knownRegions = (
				Base,
				en,
			);
			mainGroup = C8D1E1C292BC4759D95D85F2;
			minimizedProjectReferenceProxies = 1;
			preferredProjectObjectVersion = 77;
			productRefGroup = 0F2713753C634882BCDB2376 /* Products */;
			projectDirPath = "";
			projectRoot = "";
			targets = (
				12E70D21735AFAA18A380B49 /* PlaiY */,
				8A32277A80F440F99D5B6947 /* PlaiY-TopShelf */,
				D2B6D6427B45FEABA7CE9C89 /* PlaiY-iOS */,
				5514F19E42D2DE7401968BE6 /* PlaiY-tvOS */,
				B0C69054710D5E1FBDA29D55 /* PlaiYTests */,
			);
		};
/* End PBXProject section */

/* Begin PBXSourcesBuildPhase section */
		030EB98D0B6D00E5F4D240BD /* Sources */ = {
			isa = PBXSourcesBuildPhase;
			buildActionMask = 2147483647;
			files = (
				3476DEEC7977C8673A0E5D62 /* LibraryItemTests.swift in Sources */,
				F9EA72B4DBFCB027A121FF2D /* MockPlayerBridge.swift in Sources */,
				B0B82C407D7B2A510364C7E8 /* NowPlayingManagerTests.swift in Sources */,
				3BAB250485098E38A499E0C0 /* PlayQueueTests.swift in Sources */,
				C44C5C2D53EAC787D175C3F6 /* PlayerViewModelTests.swift in Sources */,
				915693E139D3C5100A45A237 /* PlexBufferSettingsTests.swift in Sources */,
				D53D3576A70DFE015CD9AEFE /* ResumeStoreTests.swift in Sources */,
				0CFC59962D9359DCC71B3BF3 /* SourceConfigTests.swift in Sources */,
				274C9363D2892DCB6170DC9C /* SourcesViewModelTests.swift in Sources */,
				D7EB4B84AF52954D67AF33AB /* SubtitleOverlayViewTests.swift in Sources */,
				54D1E3E387F33E41688AB4C7 /* TimeFormattingTests.swift in Sources */,
				39BFDCC45CF8E7927B8DC47A /* TrackInfoTests.swift in Sources */,
				2C1D184356DF905F1CD63FF9 /* VideoDisplaySettingsStoreTests.swift in Sources */,
				148058555405E6A20F1D1F0B /* VideoDisplaySettingsTests.swift in Sources */,
			);
			runOnlyForDeploymentPostprocessing = 0;
		};
		20CFA3255CCDE6BCD9AA14B0 /* Sources */ = {
			isa = PBXSourcesBuildPhase;
			buildActionMask = 2147483647;
			files = (
				6D3F5534C4ED24B830A3CE2C /* AddSourceView.swift in Sources */,
				91A28C441EF1293D30284BCF /* AppSettings.swift in Sources */,
				29C4C220ECEC550712340047 /* BlackBarDetector.swift in Sources */,
				ECB580B637913CFAE2AB44A1 /* BridgeOperationError.swift in Sources */,
				DA9CC834A6CC252610EE836E /* ColorFilterUniformBuilder.swift in Sources */,
				AE8FBE98517FDCFBA59A5175 /* ContentView.swift in Sources */,
				70BCED2474D69E9F95F0B3BE /* DVDebugLogger.swift in Sources */,
				87CCC5C93A0485978A0992EA /* DVDisplayLayerView.swift in Sources */,
				96F064E6CD5016CCEE8E3B23 /* DebugOverlayView.swift in Sources */,
				7374E061F0327985920B97D0 /* HDRUniformBuilder.swift in Sources */,
				FDC949BE282F6623C8635169 /* KeychainHelper.swift in Sources */,
				D21A7ABB9EAC36261BED44FB /* LayoutMetrics.swift in Sources */,
				C72FDABAF60B8AC1AFEBB61C /* LibraryView.swift in Sources */,
				0C3D60D006CA9BF312FABE67 /* LibraryViewModel.swift in Sources */,
				9858FFB6B6B45698B64D58A2 /* MediaItemView.swift in Sources */,
				F91E6A4441C28BCA4C94303F /* MetalPlayerView.swift in Sources */,
				9F9C3A4A32C249495F41BD91 /* MetalViewCoordinator.swift in Sources */,
				50189BD14F4F69D217B78C81 /* NowPlayingManager.swift in Sources */,
				259C643A39AC08496B6E0EA9 /* PYLog.swift in Sources */,
				130DF834DB1D23DD6557CB86 /* PlaiYApp.swift in Sources */,
				C7641745468D4FDE312D1A7B /* PlatformTypes.swift in Sources */,
				2FDF3B81A8B1ADA9C860E85B /* PlayQueue.swift in Sources */,
				DB7A32957EB19FAC667A4215 /* PlayQueueView.swift in Sources */,
				1858118A083E6BFA252902D9 /* PlayerBridge.swift in Sources */,
				229C71D626C47A78933F6DA7 /* PlayerBridgeProtocol.swift in Sources */,
				80568C9928578EB526752B5B /* PlayerControlsView.swift in Sources */,
				D71BD686F1B98796D06CAF15 /* PlayerView.swift in Sources */,
				F6D3650B995537C477D7C974 /* PlayerViewModel.swift in Sources */,
				797727605E3C329324F413F6 /* PlexAuth.swift in Sources */,
				AB30DA986151E4AD94479B42 /* PlexBufferSettings.swift in Sources */,
				2544ED48649D0ABF8557C1ED /* ResumeStore.swift in Sources */,
				6A0F24D92E7D1D7A2346F0FC /* SettingsView.swift in Sources */,
				98167FCC407A4258A0F6086D /* SourceBrowserView.swift in Sources */,
				83E9AFFE397D8A15AABF7F01 /* SourceConfig.swift in Sources */,
				DBF2723AED277A69E663D567 /* SourceManagerBridge.swift in Sources */,
				30FE48B046995D7BF5F5AF01 /* SourcesViewModel.swift in Sources */,
				1B47148518CC9CCF37D04B9F /* SubtitleOverlayView.swift in Sources */,
				9FEF606B339940FC9096A323 /* TVRemoteGestureView.swift in Sources */,
				C1ED694DD7BD6AC7E857218B /* TimeFormatting.swift in Sources */,
				08738D349252B6BF3B9BCCAB /* TrackInfo.swift in Sources */,
				A2D0C4EA7980B7F32D1383A5 /* TrackSelectionView.swift in Sources */,
				3FBCF0FC5FA79A2719225C38 /* VideoDisplaySettings.swift in Sources */,
				CCA2A68999C94F8A19F90B9A /* VideoDisplaySettingsStore.swift in Sources */,
				81A0175401452966DBDC87CD /* metal_shaders.metal in Sources */,
			);
			runOnlyForDeploymentPostprocessing = 0;
		};
		2A6EB93FFCA7610DBA1A42CE /* Sources */ = {
			isa = PBXSourcesBuildPhase;
			buildActionMask = 2147483647;
			files = (
				D3CBBF538ABD3981BAD4D021 /* AddSourceView.swift in Sources */,
				83545C0D32833ACFE12379B3 /* AppSettings.swift in Sources */,
				D9D3507CCD933BF26773571F /* BlackBarDetector.swift in Sources */,
				0F35619712890B18CB711EB7 /* BridgeOperationError.swift in Sources */,
				86A787552A6258882D056F1B /* ColorFilterUniformBuilder.swift in Sources */,
				F01A043AA28464DA5BAA4723 /* ContentView.swift in Sources */,
				EB58D4C0600EBAB7FCE96C36 /* DVDebugLogger.swift in Sources */,
				58DB79A5CAC345FBFF31C5F6 /* DVDisplayLayerView.swift in Sources */,
				2EBDA5CD7499D2E726552E88 /* DebugOverlayView.swift in Sources */,
				384152C1489E05CB6E1315BF /* HDRUniformBuilder.swift in Sources */,
				E100C777BB1798DEACC4DB4B /* KeychainHelper.swift in Sources */,
				EED5907059EC6A940EE22B75 /* LayoutMetrics.swift in Sources */,
				2E922B88EEA385E8405ABC8A /* LibraryView.swift in Sources */,
				7FFA630CE049B775AB7C6980 /* LibraryViewModel.swift in Sources */,
				67DAA9277B86D6836DCB899C /* MediaItemView.swift in Sources */,
				DBEA2565D31000974373894D /* MetalPlayerView.swift in Sources */,
				C4FD58DB467D65B3843D9A7F /* MetalViewCoordinator.swift in Sources */,
				F29C5021A7BA1EBF91C32B92 /* NowPlayingManager.swift in Sources */,
				7D7E1CECB3F17495DB5CB383 /* PYLog.swift in Sources */,
				98376E3F36BA233ED58845C6 /* PlaiYApp.swift in Sources */,
				0A3215BE7E8A81B8886EB448 /* PlatformTypes.swift in Sources */,
				7A786734D0C73E16CEFFCCA9 /* PlayQueue.swift in Sources */,
				D671D26EA26130C6F1731B12 /* PlayQueueView.swift in Sources */,
				08A1BD12FC47C34AD0B7EAB2 /* PlayerBridge.swift in Sources */,
				ECC24E6BD1F21ED34821C882 /* PlayerBridgeProtocol.swift in Sources */,
				97AB0DCAC3648FFDA6E2BE75 /* PlayerControlsView.swift in Sources */,
				0844F79FBCDC31083722DC07 /* PlayerView.swift in Sources */,
				DC86BCC432EE393089FC265E /* PlayerViewModel.swift in Sources */,
				EED8495255287A25191AAD54 /* PlexAuth.swift in Sources */,
				6C9F3639273DB2309F77973E /* PlexBufferSettings.swift in Sources */,
				AF1113C432323357C7924DAB /* ResumeStore.swift in Sources */,
				C5BFB243D1153CBA63F184AD /* SettingsView.swift in Sources */,
				F0E22522A3428DC87D91D303 /* SourceBrowserView.swift in Sources */,
				BE1A651BACF92BF98B86A038 /* SourceConfig.swift in Sources */,
				F3AFE327297D75F1D1545128 /* SourceManagerBridge.swift in Sources */,
				F600BA41FF9C15DB714758D8 /* SourcesViewModel.swift in Sources */,
				D2972D3B58C33762E722AE92 /* SubtitleOverlayView.swift in Sources */,
				2659FDCF431087D04FCCF0CA /* TVRemoteGestureView.swift in Sources */,
				E1565D0064E80D10029AD72F /* TimeFormatting.swift in Sources */,
				215218F97C48B6B0B6B5B0FD /* TrackInfo.swift in Sources */,
				8948589A135281D4060501FD /* TrackSelectionView.swift in Sources */,
				8DA705B09C731208699611A9 /* VideoDisplaySettings.swift in Sources */,
				D7FE81C235F565B33C070DFD /* VideoDisplaySettingsStore.swift in Sources */,
				34BBAD4B07EDDC4C1C2BC368 /* metal_shaders.metal in Sources */,
			);
			runOnlyForDeploymentPostprocessing = 0;
		};
		9B9B620850B0783531BA9FCC /* Sources */ = {
			isa = PBXSourcesBuildPhase;
			buildActionMask = 2147483647;
			files = (
				89621421365ED1BE4620A938 /* AddSourceView.swift in Sources */,
				9EB5E9D576649846E397DD7A /* AppSettings.swift in Sources */,
				53039595BA63C362C34FDB5F /* BlackBarDetector.swift in Sources */,
				770B14FBC2A705285F0A69AE /* BridgeOperationError.swift in Sources */,
				09F0DC01D5E2432514A48C48 /* ColorFilterUniformBuilder.swift in Sources */,
				24F1DB801D5BCF9CD2C7F7F3 /* ContentView.swift in Sources */,
				91389711205D5253EB73D56C /* DVDebugLogger.swift in Sources */,
				B1CF24A9AA6EC6AEE82DA49E /* DVDisplayLayerView.swift in Sources */,
				F13BD1A6F5020058D746CBFC /* DebugOverlayView.swift in Sources */,
				D37A28A5DEF642E44014405E /* HDRUniformBuilder.swift in Sources */,
				5312B4CCA03C36909AF0A4A3 /* KeychainHelper.swift in Sources */,
				FC313B4E10CBF50CD3D8BC9D /* LayoutMetrics.swift in Sources */,
				DA0D8A2403F3721D42215A0F /* LibraryView.swift in Sources */,
				59A465F92D44A1C49313D082 /* LibraryViewModel.swift in Sources */,
				CA433238B540E42BE64F28F5 /* MediaItemView.swift in Sources */,
				68A82B207E24F91787B02B60 /* MetalPlayerView.swift in Sources */,
				CABBA61A7118102BC8E1BCD5 /* MetalViewCoordinator.swift in Sources */,
				6535157B0ACB395CCC675993 /* NowPlayingManager.swift in Sources */,
				2F567FCDAF195E59BA9B65A5 /* PYLog.swift in Sources */,
				EED67EEEA8D0B1C26A136FE7 /* PlaiYApp.swift in Sources */,
				E0A10C2A440A397EA93D6597 /* PlatformTypes.swift in Sources */,
				77AC86D17BCB012CE832A480 /* PlayQueue.swift in Sources */,
				1BED360F89786695CF6176BE /* PlayQueueView.swift in Sources */,
				E9B76898F9E4F308CE9B4EAC /* PlayerBridge.swift in Sources */,
				C0643DD0B403D7989A7C6225 /* PlayerBridgeProtocol.swift in Sources */,
				0FA38F7B165065229AD65C81 /* PlayerControlsView.swift in Sources */,
				3B21956E3701C0F7D5C6FDBA /* PlayerView.swift in Sources */,
				E44CA4BFDA6391B6D7D4B141 /* PlayerViewModel.swift in Sources */,
				14ACA52268C07A3A17C2E9E6 /* PlexAuth.swift in Sources */,
				05AB52EB438A9FA2D11A8BD5 /* PlexBufferSettings.swift in Sources */,
				D25FC2DD6F96D28385BE2EF1 /* ResumeStore.swift in Sources */,
				A1D079DF61673E3E9C992F90 /* SettingsView.swift in Sources */,
				1D8C9A37C65C57C507DD7FDC /* SourceBrowserView.swift in Sources */,
				B793F06F838726972E3CFDB9 /* SourceConfig.swift in Sources */,
				70A3F4E1453F784F07CD2C4B /* SourceManagerBridge.swift in Sources */,
				8C1F10FC293503EA3C2C8A4B /* SourcesViewModel.swift in Sources */,
				39AEFA01F61800DBC53BECA7 /* SubtitleOverlayView.swift in Sources */,
				37797A475F2B9B213966509A /* TVRemoteGestureView.swift in Sources */,
				525814C9FECD19A1D806314F /* TimeFormatting.swift in Sources */,
				67DFEAD98CC7D5E7FC6C9F6B /* TrackInfo.swift in Sources */,
				A2E284ABBD5EE2667F577161 /* TrackSelectionView.swift in Sources */,
				3F9D2AD57A1B39344332BCE6 /* VideoDisplaySettings.swift in Sources */,
				7D40A9E38CC9771AA4D625E7 /* VideoDisplaySettingsStore.swift in Sources */,
				441A41FD6B5258C9639D21B7 /* metal_shaders.metal in Sources */,
			);
			runOnlyForDeploymentPostprocessing = 0;
		};
		BEC23B277F2C0657F1196BF6 /* Sources */ = {
			isa = PBXSourcesBuildPhase;
			buildActionMask = 2147483647;
			files = (
				6A9203721AFAB44C17695B41 /* ContentProvider.swift in Sources */,
				A48FCEE490F5E986BE4BC1D4 /* ResumeStore.swift in Sources */,
			);
			runOnlyForDeploymentPostprocessing = 0;
		};
/* End PBXSourcesBuildPhase section */

/* Begin PBXTargetDependency section */
		179B3169EDFBA747255DEDA4 /* PBXTargetDependency */ = {
			isa = PBXTargetDependency;
			target = 8A32277A80F440F99D5B6947 /* PlaiY-TopShelf */;
			targetProxy = 97118C0CE131C51476B67182 /* PBXContainerItemProxy */;
		};
		ECE9537A0B8BFEB451A947C6 /* PBXTargetDependency */ = {
			isa = PBXTargetDependency;
			target = 12E70D21735AFAA18A380B49 /* PlaiY */;
			targetProxy = 9FC856EBF4CC55967F3370E5 /* PBXContainerItemProxy */;
		};
/* End PBXTargetDependency section */

/* Begin XCBuildConfiguration section */
		044A2F4235C9DD37CF52BF2D /* Release */ = {
			isa = XCBuildConfiguration;
			buildSettings = {
				ASSETCATALOG_COMPILER_APPICON_NAME = AppIcon;
				CODE_SIGN_ENTITLEMENTS = macOS/PlaiY.entitlements;
				CODE_SIGN_IDENTITY = "-";
				COMBINE_HIDPI_IMAGES = YES;
				ENABLE_HARDENED_RUNTIME = YES;
				HEADER_SEARCH_PATHS = (
					"$(PROJECT_DIR)/../core/include",
					/opt/homebrew/include,
					/usr/local/include,
				);
				INFOPLIST_FILE = macOS/Info.plist;
				LD_RUNPATH_SEARCH_PATHS = (
					"$(inherited)",
					"@executable_path/../Frameworks",
				);
				LIBRARY_SEARCH_PATHS = (
					"$(PROJECT_DIR)/../build/apple-debug/core",
					/opt/homebrew/lib,
					/usr/local/lib,
				);
				MACOSX_DEPLOYMENT_TARGET = 26.0;
				OTHER_LDFLAGS = (
					"-lc++",
					"-lplaiy_core",
					"-lavformat",
					"-lavcodec",
					"-lavutil",
					"-lswresample",
					"-lswscale",
					"-lavfilter",
					"-lass",
					"-lz",
					"-lbz2",
					"-liconv",
					"-llzma",
					"-lxml2",
					"-framework VideoToolbox",
					"-framework CoreMedia",
					"-framework CoreVideo",
					"-framework CoreFoundation",
					"-framework CoreAudio",
					"-framework AudioToolbox",
					"-framework Accelerate",
					"-framework Metal",
					"-framework MetalKit",
					"-framework QuartzCore",
					"-framework IOSurface",
					"-framework MediaPlayer",
					"-framework Security",
					"-framework AVFoundation",
					"-framework CoreMotion",
					"-framework NetFS",
				);
				PRODUCT_BUNDLE_IDENTIFIER = com.plaiy.app;
				PRODUCT_NAME = PlaiY;
				SDKROOT = macosx;
				SWIFT_OBJC_BRIDGING_HEADER = BridgingHeader.h;
			};
			name = Release;
		};
		1937DE452B1C2AAF89F73499 /* Debug */ = {
			isa = XCBuildConfiguration;
			buildSettings = {
				BUNDLE_LOADER = "$(TEST_HOST)";
				COMBINE_HIDPI_IMAGES = YES;
				GENERATE_INFOPLIST_FILE = YES;
				HEADER_SEARCH_PATHS = (
					"$(PROJECT_DIR)/../core/include",
					/opt/homebrew/include,
					/usr/local/include,
				);
				LD_RUNPATH_SEARCH_PATHS = (
					"$(inherited)",
					"@executable_path/../Frameworks",
					"@loader_path/../Frameworks",
				);
				MACOSX_DEPLOYMENT_TARGET = 26.0;
				PRODUCT_BUNDLE_IDENTIFIER = com.plaiy.tests;
				SDKROOT = macosx;
				SWIFT_OBJC_BRIDGING_HEADER = "";
				SWIFT_VERSION = 6.3;
				TEST_HOST = "$(BUILT_PRODUCTS_DIR)/PlaiY.app/Contents/MacOS/PlaiY";
			};
			name = Debug;
		};
		2A43B6905B9A1337F10AFA64 /* Release */ = {
			isa = XCBuildConfiguration;
			buildSettings = {
				ALWAYS_SEARCH_USER_PATHS = NO;
				CLANG_ANALYZER_NONNULL = YES;
				CLANG_ANALYZER_NUMBER_OBJECT_CONVERSION = YES_AGGRESSIVE;
				CLANG_CXX_LANGUAGE_STANDARD = "gnu++14";
				CLANG_CXX_LIBRARY = "libc++";
				CLANG_ENABLE_MODULES = YES;
				CLANG_ENABLE_OBJC_ARC = YES;
				CLANG_ENABLE_OBJC_WEAK = YES;
				CLANG_WARN_BLOCK_CAPTURE_AUTORELEASING = YES;
				CLANG_WARN_BOOL_CONVERSION = YES;
				CLANG_WARN_COMMA = YES;
				CLANG_WARN_CONSTANT_CONVERSION = YES;
				CLANG_WARN_DEPRECATED_OBJC_IMPLEMENTATIONS = YES;
				CLANG_WARN_DIRECT_OBJC_ISA_USAGE = YES_ERROR;
				CLANG_WARN_DOCUMENTATION_COMMENTS = YES;
				CLANG_WARN_EMPTY_BODY = YES;
				CLANG_WARN_ENUM_CONVERSION = YES;
				CLANG_WARN_INFINITE_RECURSION = YES;
				CLANG_WARN_INT_CONVERSION = YES;
				CLANG_WARN_NON_LITERAL_NULL_CONVERSION = YES;
				CLANG_WARN_OBJC_IMPLICIT_RETAIN_SELF = YES;
				CLANG_WARN_OBJC_LITERAL_CONVERSION = YES;
				CLANG_WARN_OBJC_ROOT_CLASS = YES_ERROR;
				CLANG_WARN_QUOTED_INCLUDE_IN_FRAMEWORK_HEADER = YES;
				CLANG_WARN_RANGE_LOOP_ANALYSIS = YES;
				CLANG_WARN_STRICT_PROTOTYPES = YES;
				CLANG_WARN_SUSPICIOUS_MOVE = YES;
				CLANG_WARN_UNGUARDED_AVAILABILITY = YES_AGGRESSIVE;
				CLANG_WARN_UNREACHABLE_CODE = YES;
				CLANG_WARN__DUPLICATE_METHOD_MATCH = YES;
				COPY_PHASE_STRIP = NO;
				DEBUG_INFORMATION_FORMAT = "dwarf-with-dsym";
				ENABLE_NS_ASSERTIONS = NO;
				ENABLE_STRICT_OBJC_MSGSEND = YES;
				GCC_C_LANGUAGE_STANDARD = gnu11;
				GCC_NO_COMMON_BLOCKS = YES;
				GCC_WARN_64_TO_32_BIT_CONVERSION = YES;
				GCC_WARN_ABOUT_RETURN_TYPE = YES_ERROR;
				GCC_WARN_UNDECLARED_SELECTOR = YES;
				GCC_WARN_UNINITIALIZED_AUTOS = YES_AGGRESSIVE;
				GCC_WARN_UNUSED_FUNCTION = YES;
				GCC_WARN_UNUSED_VARIABLE = YES;
				IPHONEOS_DEPLOYMENT_TARGET = 26.0;
				MACOSX_DEPLOYMENT_TARGET = 26.0;
				MTL_ENABLE_DEBUG_INFO = NO;
				MTL_FAST_MATH = YES;
				PRODUCT_NAME = "$(TARGET_NAME)";
				SWIFT_COMPILATION_MODE = wholemodule;
				SWIFT_OPTIMIZATION_LEVEL = "-O";
				SWIFT_VERSION = 6.3;
				TVOS_DEPLOYMENT_TARGET = 26.0;
			};
			name = Release;
		};
		2D7D96AC69E234F262D6C548 /* Release */ = {
			isa = XCBuildConfiguration;
			buildSettings = {
				ASSETCATALOG_COMPILER_APPICON_NAME = "App Icon & Top Shelf Image";
				ASSETCATALOG_COMPILER_LAUNCHIMAGE_NAME = LaunchImage;
				CODE_SIGN_ENTITLEMENTS = tvOS/PlaiY.entitlements;
				CODE_SIGN_IDENTITY = "Apple Development";
				HEADER_SEARCH_PATHS = (
					"$(PROJECT_DIR)/../core/include",
					"$(PROJECT_DIR)/../deps/tvos/include",
				);
				INFOPLIST_FILE = tvOS/Info.plist;
				LD_RUNPATH_SEARCH_PATHS = (
					"$(inherited)",
					"@executable_path/Frameworks",
				);
				LIBRARY_SEARCH_PATHS = (
					"$(PROJECT_DIR)/../build/tvos-Debug/core",
					"$(PROJECT_DIR)/../deps/tvos/lib",
				);
				OTHER_LDFLAGS = (
					"-lc++",
					"-lplaiy_core",
					"-lavformat",
					"-lavcodec",
					"-lavutil",
					"-lswresample",
					"-lswscale",
					"-lavfilter",
					"-lass",
					"-lz",
					"-lbz2",
					"-liconv",
					"-llzma",
					"-lxml2",
					"-framework VideoToolbox",
					"-framework CoreMedia",
					"-framework CoreVideo",
					"-framework CoreFoundation",
					"-framework CoreAudio",
					"-framework AudioToolbox",
					"-framework Accelerate",
					"-framework Metal",
					"-framework MetalKit",
					"-framework QuartzCore",
					"-framework IOSurface",
					"-framework MediaPlayer",
					"-framework Security",
					"-framework AVFoundation",
					"-framework CoreMotion",
				);
				PRODUCT_BUNDLE_IDENTIFIER = com.plaiy.app.tv;
				PRODUCT_NAME = PlaiY;
				SDKROOT = appletvos;
				SWIFT_OBJC_BRIDGING_HEADER = BridgingHeader.h;
				TARGETED_DEVICE_FAMILY = 3;
				TVOS_DEPLOYMENT_TARGET = 26.0;
			};
			name = Release;
		};
		390BEFFAF68C068B787329CA /* Release */ = {
			isa = XCBuildConfiguration;
			buildSettings = {
				ASSETCATALOG_COMPILER_APPICON_NAME = AppIcon;
				CODE_SIGN_ENTITLEMENTS = iOS/PlaiY.entitlements;
				CODE_SIGN_IDENTITY = "Apple Development";
				HEADER_SEARCH_PATHS = (
					"$(PROJECT_DIR)/../core/include",
					"$(PROJECT_DIR)/../deps/ios/include",
				);
				INFOPLIST_FILE = iOS/Info.plist;
				IPHONEOS_DEPLOYMENT_TARGET = 26.0;
				LD_RUNPATH_SEARCH_PATHS = (
					"$(inherited)",
					"@executable_path/Frameworks",
				);
				LIBRARY_SEARCH_PATHS = (
					"$(PROJECT_DIR)/../build/ios-Debug/core",
					"$(PROJECT_DIR)/../deps/ios/lib",
				);
				OTHER_LDFLAGS = (
					"-lc++",
					"-lplaiy_core",
					"-lavformat",
					"-lavcodec",
					"-lavutil",
					"-lswresample",
					"-lswscale",
					"-lavfilter",
					"-lass",
					"-lz",
					"-lbz2",
					"-liconv",
					"-llzma",
					"-lxml2",
					"-framework VideoToolbox",
					"-framework CoreMedia",
					"-framework CoreVideo",
					"-framework CoreFoundation",
					"-framework CoreAudio",
					"-framework AudioToolbox",
					"-framework Accelerate",
					"-framework Metal",
					"-framework MetalKit",
					"-framework QuartzCore",
					"-framework IOSurface",
					"-framework MediaPlayer",
					"-framework Security",
					"-framework AVFoundation",
					"-framework CoreMotion",
					"-framework NetFS",
				);
				PRODUCT_BUNDLE_IDENTIFIER = com.plaiy.app;
				PRODUCT_NAME = PlaiY;
				SDKROOT = iphoneos;
				SWIFT_OBJC_BRIDGING_HEADER = BridgingHeader.h;
				TARGETED_DEVICE_FAMILY = "1,2";
			};
			name = Release;
		};
		40434B7A9E3E76E7DFABBA2C /* Debug */ = {
			isa = XCBuildConfiguration;
			buildSettings = {
				ALWAYS_SEARCH_USER_PATHS = NO;
				CLANG_ANALYZER_NONNULL = YES;
				CLANG_ANALYZER_NUMBER_OBJECT_CONVERSION = YES_AGGRESSIVE;
				CLANG_CXX_LANGUAGE_STANDARD = "gnu++14";
				CLANG_CXX_LIBRARY = "libc++";
				CLANG_ENABLE_MODULES = YES;
				CLANG_ENABLE_OBJC_ARC = YES;
				CLANG_ENABLE_OBJC_WEAK = YES;
				CLANG_WARN_BLOCK_CAPTURE_AUTORELEASING = YES;
				CLANG_WARN_BOOL_CONVERSION = YES;
				CLANG_WARN_COMMA = YES;
				CLANG_WARN_CONSTANT_CONVERSION = YES;
				CLANG_WARN_DEPRECATED_OBJC_IMPLEMENTATIONS = YES;
				CLANG_WARN_DIRECT_OBJC_ISA_USAGE = YES_ERROR;
				CLANG_WARN_DOCUMENTATION_COMMENTS = YES;
				CLANG_WARN_EMPTY_BODY = YES;
				CLANG_WARN_ENUM_CONVERSION = YES;
				CLANG_WARN_INFINITE_RECURSION = YES;
				CLANG_WARN_INT_CONVERSION = YES;
				CLANG_WARN_NON_LITERAL_NULL_CONVERSION = YES;
				CLANG_WARN_OBJC_IMPLICIT_RETAIN_SELF = YES;
				CLANG_WARN_OBJC_LITERAL_CONVERSION = YES;
				CLANG_WARN_OBJC_ROOT_CLASS = YES_ERROR;
				CLANG_WARN_QUOTED_INCLUDE_IN_FRAMEWORK_HEADER = YES;
				CLANG_WARN_RANGE_LOOP_ANALYSIS = YES;
				CLANG_WARN_STRICT_PROTOTYPES = YES;
				CLANG_WARN_SUSPICIOUS_MOVE = YES;
				CLANG_WARN_UNGUARDED_AVAILABILITY = YES_AGGRESSIVE;
				CLANG_WARN_UNREACHABLE_CODE = YES;
				CLANG_WARN__DUPLICATE_METHOD_MATCH = YES;
				COPY_PHASE_STRIP = NO;
				DEBUG_INFORMATION_FORMAT = dwarf;
				ENABLE_STRICT_OBJC_MSGSEND = YES;
				ENABLE_TESTABILITY = YES;
				GCC_C_LANGUAGE_STANDARD = gnu11;
				GCC_DYNAMIC_NO_PIC = NO;
				GCC_NO_COMMON_BLOCKS = YES;
				GCC_OPTIMIZATION_LEVEL = 0;
				GCC_PREPROCESSOR_DEFINITIONS = (
					"$(inherited)",
					"DEBUG=1",
				);
				GCC_WARN_64_TO_32_BIT_CONVERSION = YES;
				GCC_WARN_ABOUT_RETURN_TYPE = YES_ERROR;
				GCC_WARN_UNDECLARED_SELECTOR = YES;
				GCC_WARN_UNINITIALIZED_AUTOS = YES_AGGRESSIVE;
				GCC_WARN_UNUSED_FUNCTION = YES;
				GCC_WARN_UNUSED_VARIABLE = YES;
				IPHONEOS_DEPLOYMENT_TARGET = 26.0;
				MACOSX_DEPLOYMENT_TARGET = 26.0;
				MTL_ENABLE_DEBUG_INFO = INCLUDE_SOURCE;
				MTL_FAST_MATH = YES;
				ONLY_ACTIVE_ARCH = YES;
				PRODUCT_NAME = "$(TARGET_NAME)";
				SWIFT_ACTIVE_COMPILATION_CONDITIONS = DEBUG;
				SWIFT_OPTIMIZATION_LEVEL = "-Onone";
				SWIFT_VERSION = 6.3;
				TVOS_DEPLOYMENT_TARGET = 26.0;
			};
			name = Debug;
		};
		5623AA90B192EC6BE9E8C916 /* Debug */ = {
			isa = XCBuildConfiguration;
			buildSettings = {
				ASSETCATALOG_COMPILER_APPICON_NAME = AppIcon;
				CODE_SIGN_ENTITLEMENTS = macOS/PlaiY.entitlements;
				CODE_SIGN_IDENTITY = "-";
				COMBINE_HIDPI_IMAGES = YES;
				ENABLE_HARDENED_RUNTIME = YES;
				HEADER_SEARCH_PATHS = (
					"$(PROJECT_DIR)/../core/include",
					/opt/homebrew/include,
					/usr/local/include,
				);
				INFOPLIST_FILE = macOS/Info.plist;
				LD_RUNPATH_SEARCH_PATHS = (
					"$(inherited)",
					"@executable_path/../Frameworks",
				);
				LIBRARY_SEARCH_PATHS = (
					"$(PROJECT_DIR)/../build/apple-debug/core",
					/opt/homebrew/lib,
					/usr/local/lib,
				);
				MACOSX_DEPLOYMENT_TARGET = 26.0;
				OTHER_LDFLAGS = (
					"-lc++",
					"-lplaiy_core",
					"-lavformat",
					"-lavcodec",
					"-lavutil",
					"-lswresample",
					"-lswscale",
					"-lavfilter",
					"-lass",
					"-lz",
					"-lbz2",
					"-liconv",
					"-llzma",
					"-lxml2",
					"-framework VideoToolbox",
					"-framework CoreMedia",
					"-framework CoreVideo",
					"-framework CoreFoundation",
					"-framework CoreAudio",
					"-framework AudioToolbox",
					"-framework Accelerate",
					"-framework Metal",
					"-framework MetalKit",
					"-framework QuartzCore",
					"-framework IOSurface",
					"-framework MediaPlayer",
					"-framework Security",
					"-framework AVFoundation",
					"-framework CoreMotion",
					"-framework NetFS",
				);
				PRODUCT_BUNDLE_IDENTIFIER = com.plaiy.app;
				PRODUCT_NAME = PlaiY;
				SDKROOT = macosx;
				SWIFT_OBJC_BRIDGING_HEADER = BridgingHeader.h;
			};
			name = Debug;
		};
		6660153929DB3AA4981B9D93 /* Debug */ = {
			isa = XCBuildConfiguration;
			buildSettings = {
				ASSETCATALOG_COMPILER_APPICON_NAME = "App Icon & Top Shelf Image";
				ASSETCATALOG_COMPILER_LAUNCHIMAGE_NAME = LaunchImage;
				CODE_SIGN_ENTITLEMENTS = tvOS/PlaiY.entitlements;
				CODE_SIGN_IDENTITY = "Apple Development";
				HEADER_SEARCH_PATHS = (
					"$(PROJECT_DIR)/../core/include",
					"$(PROJECT_DIR)/../deps/tvos/include",
				);
				INFOPLIST_FILE = tvOS/Info.plist;
				LD_RUNPATH_SEARCH_PATHS = (
					"$(inherited)",
					"@executable_path/Frameworks",
				);
				LIBRARY_SEARCH_PATHS = (
					"$(PROJECT_DIR)/../build/tvos-Debug/core",
					"$(PROJECT_DIR)/../deps/tvos/lib",
				);
				OTHER_LDFLAGS = (
					"-lc++",
					"-lplaiy_core",
					"-lavformat",
					"-lavcodec",
					"-lavutil",
					"-lswresample",
					"-lswscale",
					"-lavfilter",
					"-lass",
					"-lz",
					"-lbz2",
					"-liconv",
					"-llzma",
					"-lxml2",
					"-framework VideoToolbox",
					"-framework CoreMedia",
					"-framework CoreVideo",
					"-framework CoreFoundation",
					"-framework CoreAudio",
					"-framework AudioToolbox",
					"-framework Accelerate",
					"-framework Metal",
					"-framework MetalKit",
					"-framework QuartzCore",
					"-framework IOSurface",
					"-framework MediaPlayer",
					"-framework Security",
					"-framework AVFoundation",
					"-framework CoreMotion",
				);
				PRODUCT_BUNDLE_IDENTIFIER = com.plaiy.app.tv;
				PRODUCT_NAME = PlaiY;
				SDKROOT = appletvos;
				SWIFT_OBJC_BRIDGING_HEADER = BridgingHeader.h;
				TARGETED_DEVICE_FAMILY = 3;
				TVOS_DEPLOYMENT_TARGET = 26.0;
			};
			name = Debug;
		};
		67E819B0CCD65B24AAB455D4 /* Release */ = {
			isa = XCBuildConfiguration;
			buildSettings = {
				BUNDLE_LOADER = "$(TEST_HOST)";
				COMBINE_HIDPI_IMAGES = YES;
				GENERATE_INFOPLIST_FILE = YES;
				HEADER_SEARCH_PATHS = (
					"$(PROJECT_DIR)/../core/include",
					/opt/homebrew/include,
					/usr/local/include,
				);
				LD_RUNPATH_SEARCH_PATHS = (
					"$(inherited)",
					"@executable_path/../Frameworks",
					"@loader_path/../Frameworks",
				);
				MACOSX_DEPLOYMENT_TARGET = 26.0;
				PRODUCT_BUNDLE_IDENTIFIER = com.plaiy.tests;
				SDKROOT = macosx;
				SWIFT_OBJC_BRIDGING_HEADER = "";
				SWIFT_VERSION = 6.3;
				TEST_HOST = "$(BUILT_PRODUCTS_DIR)/PlaiY.app/Contents/MacOS/PlaiY";
			};
			name = Release;
		};
		7ADE6841517053ABFBE18570 /* Release */ = {
			isa = XCBuildConfiguration;
			buildSettings = {
				CODE_SIGN_ENTITLEMENTS = TopShelf/TopShelf.entitlements;
				CODE_SIGN_IDENTITY = "Apple Development";
				INFOPLIST_FILE = TopShelf/Info.plist;
				LD_RUNPATH_SEARCH_PATHS = (
					"$(inherited)",
					"@executable_path/Frameworks",
					"@executable_path/../../Frameworks",
				);
				PRODUCT_BUNDLE_IDENTIFIER = com.plaiy.app.tv.topshelf;
				PRODUCT_NAME = TopShelf;
				SDKROOT = appletvos;
				SKIP_INSTALL = YES;
				SWIFT_VERSION = 6.3;
				TARGETED_DEVICE_FAMILY = 3;
				TVOS_DEPLOYMENT_TARGET = 26.0;
			};
			name = Release;
		};
		877F4C2175D35984B0EA4641 /* Debug */ = {
			isa = XCBuildConfiguration;
			buildSettings = {
				ASSETCATALOG_COMPILER_APPICON_NAME = AppIcon;
				CODE_SIGN_ENTITLEMENTS = iOS/PlaiY.entitlements;
				CODE_SIGN_IDENTITY = "Apple Development";
				HEADER_SEARCH_PATHS = (
					"$(PROJECT_DIR)/../core/include",
					"$(PROJECT_DIR)/../deps/ios/include",
				);
				INFOPLIST_FILE = iOS/Info.plist;
				IPHONEOS_DEPLOYMENT_TARGET = 26.0;
				LD_RUNPATH_SEARCH_PATHS = (
					"$(inherited)",
					"@executable_path/Frameworks",
				);
				LIBRARY_SEARCH_PATHS = (
					"$(PROJECT_DIR)/../build/ios-Debug/core",
					"$(PROJECT_DIR)/../deps/ios/lib",
				);
				OTHER_LDFLAGS = (
					"-lc++",
					"-lplaiy_core",
					"-lavformat",
					"-lavcodec",
					"-lavutil",
					"-lswresample",
					"-lswscale",
					"-lavfilter",
					"-lass",
					"-lz",
					"-lbz2",
					"-liconv",
					"-llzma",
					"-lxml2",
					"-framework VideoToolbox",
					"-framework CoreMedia",
					"-framework CoreVideo",
					"-framework CoreFoundation",
					"-framework CoreAudio",
					"-framework AudioToolbox",
					"-framework Accelerate",
					"-framework Metal",
					"-framework MetalKit",
					"-framework QuartzCore",
					"-framework IOSurface",
					"-framework MediaPlayer",
					"-framework Security",
					"-framework AVFoundation",
					"-framework CoreMotion",
					"-framework NetFS",
				);
				PRODUCT_BUNDLE_IDENTIFIER = com.plaiy.app;
				PRODUCT_NAME = PlaiY;
				SDKROOT = iphoneos;
				SWIFT_OBJC_BRIDGING_HEADER = BridgingHeader.h;
				TARGETED_DEVICE_FAMILY = "1,2";
			};
			name = Debug;
		};
		E619B2973B9786193CBE2F51 /* Debug */ = {
			isa = XCBuildConfiguration;
			buildSettings = {
				CODE_SIGN_ENTITLEMENTS = TopShelf/TopShelf.entitlements;
				CODE_SIGN_IDENTITY = "Apple Development";
				INFOPLIST_FILE = TopShelf/Info.plist;
				LD_RUNPATH_SEARCH_PATHS = (
					"$(inherited)",
					"@executable_path/Frameworks",
					"@executable_path/../../Frameworks",
				);
				PRODUCT_BUNDLE_IDENTIFIER = com.plaiy.app.tv.topshelf;
				PRODUCT_NAME = TopShelf;
				SDKROOT = appletvos;
				SKIP_INSTALL = YES;
				SWIFT_VERSION = 6.3;
				TARGETED_DEVICE_FAMILY = 3;
				TVOS_DEPLOYMENT_TARGET = 26.0;
			};
			name = Debug;
		};
/* End XCBuildConfiguration section */

/* Begin XCConfigurationList section */
		1F6BFB9C46CFFE7CEEFD6048 /* Build configuration list for PBXNativeTarget "PlaiYTests" */ = {
			isa = XCConfigurationList;
			buildConfigurations = (
				1937DE452B1C2AAF89F73499 /* Debug */,
				67E819B0CCD65B24AAB455D4 /* Release */,
			);
			defaultConfigurationIsVisible = 0;
			defaultConfigurationName = Debug;
		};
		295F7A701B04856120013567 /* Build configuration list for PBXNativeTarget "PlaiY-tvOS" */ = {
			isa = XCConfigurationList;
			buildConfigurations = (
				6660153929DB3AA4981B9D93 /* Debug */,
				2D7D96AC69E234F262D6C548 /* Release */,
			);
			defaultConfigurationIsVisible = 0;
			defaultConfigurationName = Debug;
		};
		6359FB4A0363479A6F553601 /* Build configuration list for PBXProject "PlaiY" */ = {
			isa = XCConfigurationList;
			buildConfigurations = (
				40434B7A9E3E76E7DFABBA2C /* Debug */,
				2A43B6905B9A1337F10AFA64 /* Release */,
			);
			defaultConfigurationIsVisible = 0;
			defaultConfigurationName = Debug;
		};
		794555F2C7B7BA22FDA2220F /* Build configuration list for PBXNativeTarget "PlaiY" */ = {
			isa = XCConfigurationList;
			buildConfigurations = (
				5623AA90B192EC6BE9E8C916 /* Debug */,
				044A2F4235C9DD37CF52BF2D /* Release */,
			);
			defaultConfigurationIsVisible = 0;
			defaultConfigurationName = Debug;
		};
		9995C7BEBBFE7C15FA6A474F /* Build configuration list for PBXNativeTarget "PlaiY-iOS" */ = {
			isa = XCConfigurationList;
			buildConfigurations = (
				877F4C2175D35984B0EA4641 /* Debug */,
				390BEFFAF68C068B787329CA /* Release */,
			);
			defaultConfigurationIsVisible = 0;
			defaultConfigurationName = Debug;
		};
		F23E559E50D5A4DDCF4B514A /* Build configuration list for PBXNativeTarget "PlaiY-TopShelf" */ = {
			isa = XCConfigurationList;
			buildConfigurations = (
				E619B2973B9786193CBE2F51 /* Debug */,
				7ADE6841517053ABFBE18570 /* Release */,
			);
			defaultConfigurationIsVisible = 0;
			defaultConfigurationName = Debug;
		};
/* End XCConfigurationList section */
	};
	rootObject = 891FD5599C5EC3FA791A5B10 /* Project object */;
}
